
Microsoft Visual Studio Solution File, Format Version 12.00
# Visual Studio 15
VisualStudioVersion = 15.0.26124.0
MinimumVisualStudioVersion = 15.0.26124.0
Project("{2150E333-8FDC-42A3-9474-1A3956D46DE8}") = "src", "src", "{1889B71D-B58B-4AAC-949A-D9FCDFCC9244}"
EndProject
Project("{2150E333-8FDC-42A3-9474-1A3956D46DE8}") = "Services", "Services", "{114A49B3-480E-4698-83DF-3EE1A5755294}"
EndProject
Project("{FAE04EC0-301F-11D3-BF4B-00C04F79EFBC}") = "Core", "src\Services\Core\Core.csproj", "{F75753A1-4D6B-48AC-971D-08AB4F9802E5}"
EndProject
Project("{2150E333-8FDC-42A3-9474-1A3956D46DE8}") = "Dispatching", "Dispatching", "{683C9E9B-FD0A-4C3E-A414-34F74B689A16}"
EndProject
Project("{FAE04EC0-301F-11D3-BF4B-00C04F79EFBC}") = "Dispatching.API", "src\Services\Dispatching\Dispatching.API\Dispatching.API.csproj", "{97258FA6-C25A-4D57-A3CC-EEF841391063}"
EndProject
Project("{FAE04EC0-301F-11D3-BF4B-00C04F79EFBC}") = "Dispatching.Application", "src\Services\Dispatching\Dispatching.Application\Dispatching.Application.csproj", "{3FE3302B-B27A-4EB6-89A1-90B46548C324}"
EndProject
Project("{FAE04EC0-301F-11D3-BF4B-00C04F79EFBC}") = "Dispatching.Domain", "src\Services\Dispatching\Dispatching.Domain\Dispatching.Domain.csproj", "{42DD53D1-0C82-4BC6-89B1-67FA0953B5CD}"
EndProject
Project("{FAE04EC0-301F-11D3-BF4B-00C04F79EFBC}") = "Dispatching.Infrastructure", "src\Services\Dispatching\Dispatching.Infrastructure\Dispatching.Infrastructure.csproj", "{AF0CCE70-4712-432B-823B-A8F47BC51EC3}"
EndProject
Project("{FAE04EC0-301F-11D3-BF4B-00C04F79EFBC}") = "Dispatching.UnitTests", "src\Services\Dispatching\Dispatching.UnitTests\Dispatching.UnitTests.csproj", "{09C7337D-CAD5-4A7F-A421-25AB69B4C851}"
EndProject
Project("{2150E333-8FDC-42A3-9474-1A3956D46DE8}") = "Hauling", "Hauling", "{6E655E50-AF43-4C76-A19C-8BCCBC6909F3}"
EndProject
Project("{FAE04EC0-301F-11D3-BF4B-00C04F79EFBC}") = "Hauling.API", "src\Services\Hauling\Hauling.API\Hauling.API.csproj", "{0F813CE5-444D-49A4-94FE-2E19876183EF}"
EndProject
Project("{FAE04EC0-301F-11D3-BF4B-00C04F79EFBC}") = "Hauling.Application", "src\Services\Hauling\Hauling.Application\Hauling.Application.csproj", "{EE9486B5-9BC5-421D-BA20-C7242E97F37F}"
EndProject
Project("{FAE04EC0-301F-11D3-BF4B-00C04F79EFBC}") = "Hauling.Domain", "src\Services\Hauling\Hauling.Domain\Hauling.Domain.csproj", "{63A2EE61-1382-4E95-8ED3-DCC3569F1A3C}"
EndProject
Project("{FAE04EC0-301F-11D3-BF4B-00C04F79EFBC}") = "Hauling.Infrastructure", "src\Services\Hauling\Hauling.Infrastructure\Hauling.Infrastructure.csproj", "{A29188B3-99C3-423F-863B-8AFE9F52F79B}"
EndProject
Project("{FAE04EC0-301F-11D3-BF4B-00C04F79EFBC}") = "Hauling.UnitTests", "src\Services\Hauling\Hauling.UnitTests\Hauling.UnitTests.csproj", "{1450AA17-2A9B-44D2-A1B4-DC0A79F3E56F}"
EndProject
Project("{2150E333-8FDC-42A3-9474-1A3956D46DE8}") = "Ordering", "Ordering", "{24635935-C860-48E3-9496-EB8E75A69446}"
EndProject
Project("{FAE04EC0-301F-11D3-BF4B-00C04F79EFBC}") = "Ordering.API", "src\Services\Ordering\Ordering.API\Ordering.API.csproj", "{26F39996-BCB3-4ACE-82C6-94289D42530C}"
EndProject
Project("{FAE04EC0-301F-11D3-BF4B-00C04F79EFBC}") = "Ordering.Application", "src\Services\Ordering\Ordering.Application\Ordering.Application.csproj", "{8FF76BF9-1CFD-40E0-8ED2-3E002B298E0A}"
EndProject
Project("{FAE04EC0-301F-11D3-BF4B-00C04F79EFBC}") = "Ordering.Domain", "src\Services\Ordering\Ordering.Domain\Ordering.Domain.csproj", "{5EE3CB63-EBE3-4021-B912-3D97B48D7B26}"
EndProject
Project("{FAE04EC0-301F-11D3-BF4B-00C04F79EFBC}") = "Ordering.Infrastructure", "src\Services\Ordering\Ordering.Infrastructure\Ordering.Infrastructure.csproj", "{804839A2-0282-4493-82C4-DA3FD0CFFF67}"
EndProject
Project("{FAE04EC0-301F-11D3-BF4B-00C04F79EFBC}") = "Ordering.UnitTests", "src\Services\Ordering\Ordering.UnitTests\Ordering.UnitTests.csproj", "{4E5B1127-215B-4785-A83C-639FCF8EAE77}"
EndProject
Project("{2150E333-8FDC-42A3-9474-1A3956D46DE8}") = "Payments", "Payments", "{101A0425-48C6-46A5-BC12-3B8115F9B107}"
EndProject
Project("{FAE04EC0-301F-11D3-BF4B-00C04F79EFBC}") = "Payments.API", "src\Services\Payments\Payments.API\Payments.API.csproj", "{567470C1-CBC4-4C11-9DB5-ABA2F012CABF}"
EndProject
Project("{FAE04EC0-301F-11D3-BF4B-00C04F79EFBC}") = "Payments.Application", "src\Services\Payments\Payments.Application\Payments.Application.csproj", "{AB6E6709-344F-4334-A4FE-38CDB6FF3265}"
EndProject
Project("{FAE04EC0-301F-11D3-BF4B-00C04F79EFBC}") = "Payments.Domain", "src\Services\Payments\Payments.Domain\Payments.Domain.csproj", "{745EB526-49C4-47C5-B651-1E46B670625E}"
EndProject
Project("{FAE04EC0-301F-11D3-BF4B-00C04F79EFBC}") = "Payments.Infrastructure", "src\Services\Payments\Payments.Infrastructure\Payments.Infrastructure.csproj", "{4D1E5F40-DD30-43DB-B082-7832421C4871}"
EndProject
Project("{FAE04EC0-301F-11D3-BF4B-00C04F79EFBC}") = "Payments.UnitTests", "src\Services\Payments\Payments.UnitTests\Payments.UnitTests.csproj", "{DD6B716C-8CEE-407C-A4B7-EA0D4B46BD20}"
EndProject
Global
	GlobalSection(SolutionConfigurationPlatforms) = preSolution
		Debug|Any CPU = Debug|Any CPU
		Debug|x64 = Debug|x64
		Debug|x86 = Debug|x86
		Release|Any CPU = Release|Any CPU
		Release|x64 = Release|x64
		Release|x86 = Release|x86
	EndGlobalSection
	GlobalSection(SolutionProperties) = preSolution
		HideSolutionNode = FALSE
	EndGlobalSection
	GlobalSection(ProjectConfigurationPlatforms) = postSolution
		{F75753A1-4D6B-48AC-971D-08AB4F9802E5}.Debug|Any CPU.ActiveCfg = Debug|Any CPU
		{F75753A1-4D6B-48AC-971D-08AB4F9802E5}.Debug|Any CPU.Build.0 = Debug|Any CPU
		{F75753A1-4D6B-48AC-971D-08AB4F9802E5}.Debug|x64.ActiveCfg = Debug|Any CPU
		{F75753A1-4D6B-48AC-971D-08AB4F9802E5}.Debug|x64.Build.0 = Debug|Any CPU
		{F75753A1-4D6B-48AC-971D-08AB4F9802E5}.Debug|x86.ActiveCfg = Debug|Any CPU
		{F75753A1-4D6B-48AC-971D-08AB4F9802E5}.Debug|x86.Build.0 = Debug|Any CPU
		{F75753A1-4D6B-48AC-971D-08AB4F9802E5}.Release|Any CPU.ActiveCfg = Release|Any CPU
		{F75753A1-4D6B-48AC-971D-08AB4F9802E5}.Release|Any CPU.Build.0 = Release|Any CPU
		{F75753A1-4D6B-48AC-971D-08AB4F9802E5}.Release|x64.ActiveCfg = Release|Any CPU
		{F75753A1-4D6B-48AC-971D-08AB4F9802E5}.Release|x64.Build.0 = Release|Any CPU
		{F75753A1-4D6B-48AC-971D-08AB4F9802E5}.Release|x86.ActiveCfg = Release|Any CPU
		{F75753A1-4D6B-48AC-971D-08AB4F9802E5}.Release|x86.Build.0 = Release|Any CPU
		{97258FA6-C25A-4D57-A3CC-EEF841391063}.Debug|Any CPU.ActiveCfg = Debug|Any CPU
		{97258FA6-C25A-4D57-A3CC-EEF841391063}.Debug|Any CPU.Build.0 = Debug|Any CPU
		{97258FA6-C25A-4D57-A3CC-EEF841391063}.Debug|x64.ActiveCfg = Debug|Any CPU
		{97258FA6-C25A-4D57-A3CC-EEF841391063}.Debug|x64.Build.0 = Debug|Any CPU
		{97258FA6-C25A-4D57-A3CC-EEF841391063}.Debug|x86.ActiveCfg = Debug|Any CPU
		{97258FA6-C25A-4D57-A3CC-EEF841391063}.Debug|x86.Build.0 = Debug|Any CPU
		{97258FA6-C25A-4D57-A3CC-EEF841391063}.Release|Any CPU.ActiveCfg = Release|Any CPU
		{97258FA6-C25A-4D57-A3CC-EEF841391063}.Release|Any CPU.Build.0 = Release|Any CPU
		{97258FA6-C25A-4D57-A3CC-EEF841391063}.Release|x64.ActiveCfg = Release|Any CPU
		{97258FA6-C25A-4D57-A3CC-EEF841391063}.Release|x64.Build.0 = Release|Any CPU
		{97258FA6-C25A-4D57-A3CC-EEF841391063}.Release|x86.ActiveCfg = Release|Any CPU
		{97258FA6-C25A-4D57-A3CC-EEF841391063}.Release|x86.Build.0 = Release|Any CPU
		{3FE3302B-B27A-4EB6-89A1-90B46548C324}.Debug|Any CPU.ActiveCfg = Debug|Any CPU
		{3FE3302B-B27A-4EB6-89A1-90B46548C324}.Debug|Any CPU.Build.0 = Debug|Any CPU
		{3FE3302B-B27A-4EB6-89A1-90B46548C324}.Debug|x64.ActiveCfg = Debug|Any CPU
		{3FE3302B-B27A-4EB6-89A1-90B46548C324}.Debug|x64.Build.0 = Debug|Any CPU
		{3FE3302B-B27A-4EB6-89A1-90B46548C324}.Debug|x86.ActiveCfg = Debug|Any CPU
		{3FE3302B-B27A-4EB6-89A1-90B46548C324}.Debug|x86.Build.0 = Debug|Any CPU
		{3FE3302B-B27A-4EB6-89A1-90B46548C324}.Release|Any CPU.ActiveCfg = Release|Any CPU
		{3FE3302B-B27A-4EB6-89A1-90B46548C324}.Release|Any CPU.Build.0 = Release|Any CPU
		{3FE3302B-B27A-4EB6-89A1-90B46548C324}.Release|x64.ActiveCfg = Release|Any CPU
		{3FE3302B-B27A-4EB6-89A1-90B46548C324}.Release|x64.Build.0 = Release|Any CPU
		{3FE3302B-B27A-4EB6-89A1-90B46548C324}.Release|x86.ActiveCfg = Release|Any CPU
		{3FE3302B-B27A-4EB6-89A1-90B46548C324}.Release|x86.Build.0 = Release|Any CPU
		{42DD53D1-0C82-4BC6-89B1-67FA0953B5CD}.Debug|Any CPU.ActiveCfg = Debug|Any CPU
		{42DD53D1-0C82-4BC6-89B1-67FA0953B5CD}.Debug|Any CPU.Build.0 = Debug|Any CPU
		{42DD53D1-0C82-4BC6-89B1-67FA0953B5CD}.Debug|x64.ActiveCfg = Debug|Any CPU
		{42DD53D1-0C82-4BC6-89B1-67FA0953B5CD}.Debug|x64.Build.0 = Debug|Any CPU
		{42DD53D1-0C82-4BC6-89B1-67FA0953B5CD}.Debug|x86.ActiveCfg = Debug|Any CPU
		{42DD53D1-0C82-4BC6-89B1-67FA0953B5CD}.Debug|x86.Build.0 = Debug|Any CPU
		{42DD53D1-0C82-4BC6-89B1-67FA0953B5CD}.Release|Any CPU.ActiveCfg = Release|Any CPU
		{42DD53D1-0C82-4BC6-89B1-67FA0953B5CD}.Release|Any CPU.Build.0 = Release|Any CPU
		{42DD53D1-0C82-4BC6-89B1-67FA0953B5CD}.Release|x64.ActiveCfg = Release|Any CPU
		{42DD53D1-0C82-4BC6-89B1-67FA0953B5CD}.Release|x64.Build.0 = Release|Any CPU
		{42DD53D1-0C82-4BC6-89B1-67FA0953B5CD}.Release|x86.ActiveCfg = Release|Any CPU
		{42DD53D1-0C82-4BC6-89B1-67FA0953B5CD}.Release|x86.Build.0 = Release|Any CPU
		{AF0CCE70-4712-432B-823B-A8F47BC51EC3}.Debug|Any CPU.ActiveCfg = Debug|Any CPU
		{AF0CCE70-4712-432B-823B-A8F47BC51EC3}.Debug|Any CPU.Build.0 = Debug|Any CPU
		{AF0CCE70-4712-432B-823B-A8F47BC51EC3}.Debug|x64.ActiveCfg = Debug|Any CPU
		{AF0CCE70-4712-432B-823B-A8F47BC51EC3}.Debug|x64.Build.0 = Debug|Any CPU
		{AF0CCE70-4712-432B-823B-A8F47BC51EC3}.Debug|x86.ActiveCfg = Debug|Any CPU
		{AF0CCE70-4712-432B-823B-A8F47BC51EC3}.Debug|x86.Build.0 = Debug|Any CPU
		{AF0CCE70-4712-432B-823B-A8F47BC51EC3}.Release|Any CPU.ActiveCfg = Release|Any CPU
		{AF0CCE70-4712-432B-823B-A8F47BC51EC3}.Release|Any CPU.Build.0 = Release|Any CPU
		{AF0CCE70-4712-432B-823B-A8F47BC51EC3}.Release|x64.ActiveCfg = Release|Any CPU
		{AF0CCE70-4712-432B-823B-A8F47BC51EC3}.Release|x64.Build.0 = Release|Any CPU
		{AF0CCE70-4712-432B-823B-A8F47BC51EC3}.Release|x86.ActiveCfg = Release|Any CPU
		{AF0CCE70-4712-432B-823B-A8F47BC51EC3}.Release|x86.Build.0 = Release|Any CPU
		{09C7337D-CAD5-4A7F-A421-25AB69B4C851}.Debug|Any CPU.ActiveCfg = Debug|Any CPU
		{09C7337D-CAD5-4A7F-A421-25AB69B4C851}.Debug|Any CPU.Build.0 = Debug|Any CPU
		{09C7337D-CAD5-4A7F-A421-25AB69B4C851}.Debug|x64.ActiveCfg = Debug|Any CPU
		{09C7337D-CAD5-4A7F-A421-25AB69B4C851}.Debug|x64.Build.0 = Debug|Any CPU
		{09C7337D-CAD5-4A7F-A421-25AB69B4C851}.Debug|x86.ActiveCfg = Debug|Any CPU
		{09C7337D-CAD5-4A7F-A421-25AB69B4C851}.Debug|x86.Build.0 = Debug|Any CPU
		{09C7337D-CAD5-4A7F-A421-25AB69B4C851}.Release|Any CPU.ActiveCfg = Release|Any CPU
		{09C7337D-CAD5-4A7F-A421-25AB69B4C851}.Release|Any CPU.Build.0 = Release|Any CPU
		{09C7337D-CAD5-4A7F-A421-25AB69B4C851}.Release|x64.ActiveCfg = Release|Any CPU
		{09C7337D-CAD5-4A7F-A421-25AB69B4C851}.Release|x64.Build.0 = Release|Any CPU
		{09C7337D-CAD5-4A7F-A421-25AB69B4C851}.Release|x86.ActiveCfg = Release|Any CPU
		{09C7337D-CAD5-4A7F-A421-25AB69B4C851}.Release|x86.Build.0 = Release|Any CPU
		{0F813CE5-444D-49A4-94FE-2E19876183EF}.Debug|Any CPU.ActiveCfg = Debug|Any CPU
		{0F813CE5-444D-49A4-94FE-2E19876183EF}.Debug|Any CPU.Build.0 = Debug|Any CPU
		{0F813CE5-444D-49A4-94FE-2E19876183EF}.Debug|x64.ActiveCfg = Debug|Any CPU
		{0F813CE5-444D-49A4-94FE-2E19876183EF}.Debug|x64.Build.0 = Debug|Any CPU
		{0F813CE5-444D-49A4-94FE-2E19876183EF}.Debug|x86.ActiveCfg = Debug|Any CPU
		{0F813CE5-444D-49A4-94FE-2E19876183EF}.Debug|x86.Build.0 = Debug|Any CPU
		{0F813CE5-444D-49A4-94FE-2E19876183EF}.Release|Any CPU.ActiveCfg = Release|Any CPU
		{0F813CE5-444D-49A4-94FE-2E19876183EF}.Release|Any CPU.Build.0 = Release|Any CPU
		{0F813CE5-444D-49A4-94FE-2E19876183EF}.Release|x64.ActiveCfg = Release|Any CPU
		{0F813CE5-444D-49A4-94FE-2E19876183EF}.Release|x64.Build.0 = Release|Any CPU
		{0F813CE5-444D-49A4-94FE-2E19876183EF}.Release|x86.ActiveCfg = Release|Any CPU
		{0F813CE5-444D-49A4-94FE-2E19876183EF}.Release|x86.Build.0 = Release|Any CPU
		{EE9486B5-9BC5-421D-BA20-C7242E97F37F}.Debug|Any CPU.ActiveCfg = Debug|Any CPU
		{EE9486B5-9BC5-421D-BA20-C7242E97F37F}.Debug|Any CPU.Build.0 = Debug|Any CPU
		{EE9486B5-9BC5-421D-BA20-C7242E97F37F}.Debug|x64.ActiveCfg = Debug|Any CPU
		{EE9486B5-9BC5-421D-BA20-C7242E97F37F}.Debug|x64.Build.0 = Debug|Any CPU
		{EE9486B5-9BC5-421D-BA20-C7242E97F37F}.Debug|x86.ActiveCfg = Debug|Any CPU
		{EE9486B5-9BC5-421D-BA20-C7242E97F37F}.Debug|x86.Build.0 = Debug|Any CPU
		{EE9486B5-9BC5-421D-BA20-C7242E97F37F}.Release|Any CPU.ActiveCfg = Release|Any CPU
		{EE9486B5-9BC5-421D-BA20-C7242E97F37F}.Release|Any CPU.Build.0 = Release|Any CPU
		{EE9486B5-9BC5-421D-BA20-C7242E97F37F}.Release|x64.ActiveCfg = Release|Any CPU
		{EE9486B5-9BC5-421D-BA20-C7242E97F37F}.Release|x64.Build.0 = Release|Any CPU
		{EE9486B5-9BC5-421D-BA20-C7242E97F37F}.Release|x86.ActiveCfg = Release|Any CPU
		{EE9486B5-9BC5-421D-BA20-C7242E97F37F}.Release|x86.Build.0 = Release|Any CPU
		{63A2EE61-1382-4E95-8ED3-DCC3569F1A3C}.Debug|Any CPU.ActiveCfg = Debug|Any CPU
		{63A2EE61-1382-4E95-8ED3-DCC3569F1A3C}.Debug|Any CPU.Build.0 = Debug|Any CPU
		{63A2EE61-1382-4E95-8ED3-DCC3569F1A3C}.Debug|x64.ActiveCfg = Debug|Any CPU
		{63A2EE61-1382-4E95-8ED3-DCC3569F1A3C}.Debug|x64.Build.0 = Debug|Any CPU
		{63A2EE61-1382-4E95-8ED3-DCC3569F1A3C}.Debug|x86.ActiveCfg = Debug|Any CPU
		{63A2EE61-1382-4E95-8ED3-DCC3569F1A3C}.Debug|x86.Build.0 = Debug|Any CPU
		{63A2EE61-1382-4E95-8ED3-DCC3569F1A3C}.Release|Any CPU.ActiveCfg = Release|Any CPU
		{63A2EE61-1382-4E95-8ED3-DCC3569F1A3C}.Release|Any CPU.Build.0 = Release|Any CPU
		{63A2EE61-1382-4E95-8ED3-DCC3569F1A3C}.Release|x64.ActiveCfg = Release|Any CPU
		{63A2EE61-1382-4E95-8ED3-DCC3569F1A3C}.Release|x64.Build.0 = Release|Any CPU
		{63A2EE61-1382-4E95-8ED3-DCC3569F1A3C}.Release|x86.ActiveCfg = Release|Any CPU
		{63A2EE61-1382-4E95-8ED3-DCC3569F1A3C}.Release|x86.Build.0 = Release|Any CPU
		{A29188B3-99C3-423F-863B-8AFE9F52F79B}.Debug|Any CPU.ActiveCfg = Debug|Any CPU
		{A29188B3-99C3-423F-863B-8AFE9F52F79B}.Debug|Any CPU.Build.0 = Debug|Any CPU
		{A29188B3-99C3-423F-863B-8AFE9F52F79B}.Debug|x64.ActiveCfg = Debug|Any CPU
		{A29188B3-99C3-423F-863B-8AFE9F52F79B}.Debug|x64.Build.0 = Debug|Any CPU
		{A29188B3-99C3-423F-863B-8AFE9F52F79B}.Debug|x86.ActiveCfg = Debug|Any CPU
		{A29188B3-99C3-423F-863B-8AFE9F52F79B}.Debug|x86.Build.0 = Debug|Any CPU
		{A29188B3-99C3-423F-863B-8AFE9F52F79B}.Release|Any CPU.ActiveCfg = Release|Any CPU
		{A29188B3-99C3-423F-863B-8AFE9F52F79B}.Release|Any CPU.Build.0 = Release|Any CPU
		{A29188B3-99C3-423F-863B-8AFE9F52F79B}.Release|x64.ActiveCfg = Release|Any CPU
		{A29188B3-99C3-423F-863B-8AFE9F52F79B}.Release|x64.Build.0 = Release|Any CPU
		{A29188B3-99C3-423F-863B-8AFE9F52F79B}.Release|x86.ActiveCfg = Release|Any CPU
		{A29188B3-99C3-423F-863B-8AFE9F52F79B}.Release|x86.Build.0 = Release|Any CPU
		{1450AA17-2A9B-44D2-A1B4-DC0A79F3E56F}.Debug|Any CPU.ActiveCfg = Debug|Any CPU
		{1450AA17-2A9B-44D2-A1B4-DC0A79F3E56F}.Debug|Any CPU.Build.0 = Debug|Any CPU
		{1450AA17-2A9B-44D2-A1B4-DC0A79F3E56F}.Debug|x64.ActiveCfg = Debug|Any CPU
		{1450AA17-2A9B-44D2-A1B4-DC0A79F3E56F}.Debug|x64.Build.0 = Debug|Any CPU
		{1450AA17-2A9B-44D2-A1B4-DC0A79F3E56F}.Debug|x86.ActiveCfg = Debug|Any CPU
		{1450AA17-2A9B-44D2-A1B4-DC0A79F3E56F}.Debug|x86.Build.0 = Debug|Any CPU
		{1450AA17-2A9B-44D2-A1B4-DC0A79F3E56F}.Release|Any CPU.ActiveCfg = Release|Any CPU
		{1450AA17-2A9B-44D2-A1B4-DC0A79F3E56F}.Release|Any CPU.Build.0 = Release|Any CPU
		{1450AA17-2A9B-44D2-A1B4-DC0A79F3E56F}.Release|x64.ActiveCfg = Release|Any CPU
		{1450AA17-2A9B-44D2-A1B4-DC0A79F3E56F}.Release|x64.Build.0 = Release|Any CPU
		{1450AA17-2A9B-44D2-A1B4-DC0A79F3E56F}.Release|x86.ActiveCfg = Release|Any CPU
		{1450AA17-2A9B-44D2-A1B4-DC0A79F3E56F}.Release|x86.Build.0 = Release|Any CPU
		{26F39996-BCB3-4ACE-82C6-94289D42530C}.Debug|Any CPU.ActiveCfg = Debug|Any CPU
		{26F39996-BCB3-4ACE-82C6-94289D42530C}.Debug|Any CPU.Build.0 = Debug|Any CPU
		{26F39996-BCB3-4ACE-82C6-94289D42530C}.Debug|x64.ActiveCfg = Debug|Any CPU
		{26F39996-BCB3-4ACE-82C6-94289D42530C}.Debug|x64.Build.0 = Debug|Any CPU
		{26F39996-BCB3-4ACE-82C6-94289D42530C}.Debug|x86.ActiveCfg = Debug|Any CPU
		{26F39996-BCB3-4ACE-82C6-94289D42530C}.Debug|x86.Build.0 = Debug|Any CPU
		{26F39996-BCB3-4ACE-82C6-94289D42530C}.Release|Any CPU.ActiveCfg = Release|Any CPU
		{26F39996-BCB3-4ACE-82C6-94289D42530C}.Release|Any CPU.Build.0 = Release|Any CPU
		{26F39996-BCB3-4ACE-82C6-94289D42530C}.Release|x64.ActiveCfg = Release|Any CPU
		{26F39996-BCB3-4ACE-82C6-94289D42530C}.Release|x64.Build.0 = Release|Any CPU
		{26F39996-BCB3-4ACE-82C6-94289D42530C}.Release|x86.ActiveCfg = Release|Any CPU
		{26F39996-BCB3-4ACE-82C6-94289D42530C}.Release|x86.Build.0 = Release|Any CPU
		{8FF76BF9-1CFD-40E0-8ED2-3E002B298E0A}.Debug|Any CPU.ActiveCfg = Debug|Any CPU
		{8FF76BF9-1CFD-40E0-8ED2-3E002B298E0A}.Debug|Any CPU.Build.0 = Debug|Any CPU
		{8FF76BF9-1CFD-40E0-8ED2-3E002B298E0A}.Debug|x64.ActiveCfg = Debug|Any CPU
		{8FF76BF9-1CFD-40E0-8ED2-3E002B298E0A}.Debug|x64.Build.0 = Debug|Any CPU
		{8FF76BF9-1CFD-40E0-8ED2-3E002B298E0A}.Debug|x86.ActiveCfg = Debug|Any CPU
		{8FF76BF9-1CFD-40E0-8ED2-3E002B298E0A}.Debug|x86.Build.0 = Debug|Any CPU
		{8FF76BF9-1CFD-40E0-8ED2-3E002B298E0A}.Release|Any CPU.ActiveCfg = Release|Any CPU
		{8FF76BF9-1CFD-40E0-8ED2-3E002B298E0A}.Release|Any CPU.Build.0 = Release|Any CPU
		{8FF76BF9-1CFD-40E0-8ED2-3E002B298E0A}.Release|x64.ActiveCfg = Release|Any CPU
		{8FF76BF9-1CFD-40E0-8ED2-3E002B298E0A}.Release|x64.Build.0 = Release|Any CPU
		{8FF76BF9-1CFD-40E0-8ED2-3E002B298E0A}.Release|x86.ActiveCfg = Release|Any CPU
		{8FF76BF9-1CFD-40E0-8ED2-3E002B298E0A}.Release|x86.Build.0 = Release|Any CPU
		{5EE3CB63-EBE3-4021-B912-3D97B48D7B26}.Debug|Any CPU.ActiveCfg = Debug|Any CPU
		{5EE3CB63-EBE3-4021-B912-3D97B48D7B26}.Debug|Any CPU.Build.0 = Debug|Any CPU
		{5EE3CB63-EBE3-4021-B912-3D97B48D7B26}.Debug|x64.ActiveCfg = Debug|Any CPU
		{5EE3CB63-EBE3-4021-B912-3D97B48D7B26}.Debug|x64.Build.0 = Debug|Any CPU
		{5EE3CB63-EBE3-4021-B912-3D97B48D7B26}.Debug|x86.ActiveCfg = Debug|Any CPU
		{5EE3CB63-EBE3-4021-B912-3D97B48D7B26}.Debug|x86.Build.0 = Debug|Any CPU
		{5EE3CB63-EBE3-4021-B912-3D97B48D7B26}.Release|Any CPU.ActiveCfg = Release|Any CPU
		{5EE3CB63-EBE3-4021-B912-3D97B48D7B26}.Release|Any CPU.Build.0 = Release|Any CPU
		{5EE3CB63-EBE3-4021-B912-3D97B48D7B26}.Release|x64.ActiveCfg = Release|Any CPU
		{5EE3CB63-EBE3-4021-B912-3D97B48D7B26}.Release|x64.Build.0 = Release|Any CPU
		{5EE3CB63-EBE3-4021-B912-3D97B48D7B26}.Release|x86.ActiveCfg = Release|Any CPU
		{5EE3CB63-EBE3-4021-B912-3D97B48D7B26}.Release|x86.Build.0 = Release|Any CPU
		{804839A2-0282-4493-82C4-DA3FD0CFFF67}.Debug|Any CPU.ActiveCfg = Debug|Any CPU
		{804839A2-0282-4493-82C4-DA3FD0CFFF67}.Debug|Any CPU.Build.0 = Debug|Any CPU
		{804839A2-0282-4493-82C4-DA3FD0CFFF67}.Debug|x64.ActiveCfg = Debug|Any CPU
		{804839A2-0282-4493-82C4-DA3FD0CFFF67}.Debug|x64.Build.0 = Debug|Any CPU
		{804839A2-0282-4493-82C4-DA3FD0CFFF67}.Debug|x86.ActiveCfg = Debug|Any CPU
		{804839A2-0282-4493-82C4-DA3FD0CFFF67}.Debug|x86.Build.0 = Debug|Any CPU
		{804839A2-0282-4493-82C4-DA3FD0CFFF67}.Release|Any CPU.ActiveCfg = Release|Any CPU
		{804839A2-0282-4493-82C4-DA3FD0CFFF67}.Release|Any CPU.Build.0 = Release|Any CPU
		{804839A2-0282-4493-82C4-DA3FD0CFFF67}.Release|x64.ActiveCfg = Release|Any CPU
		{804839A2-0282-4493-82C4-DA3FD0CFFF67}.Release|x64.Build.0 = Release|Any CPU
		{804839A2-0282-4493-82C4-DA3FD0CFFF67}.Release|x86.ActiveCfg = Release|Any CPU
		{804839A2-0282-4493-82C4-DA3FD0CFFF67}.Release|x86.Build.0 = Release|Any CPU
		{4E5B1127-215B-4785-A83C-639FCF8EAE77}.Debug|Any CPU.ActiveCfg = Debug|Any CPU
		{4E5B1127-215B-4785-A83C-639FCF8EAE77}.Debug|Any CPU.Build.0 = Debug|Any CPU
		{4E5B1127-215B-4785-A83C-639FCF8EAE77}.Debug|x64.ActiveCfg = Debug|Any CPU
		{4E5B1127-215B-4785-A83C-639FCF8EAE77}.Debug|x64.Build.0 = Debug|Any CPU
		{4E5B1127-215B-4785-A83C-639FCF8EAE77}.Debug|x86.ActiveCfg = Debug|Any CPU
		{4E5B1127-215B-4785-A83C-639FCF8EAE77}.Debug|x86.Build.0 = Debug|Any CPU
		{4E5B1127-215B-4785-A83C-639FCF8EAE77}.Release|Any CPU.ActiveCfg = Release|Any CPU
		{4E5B1127-215B-4785-A83C-639FCF8EAE77}.Release|Any CPU.Build.0 = Release|Any CPU
		{4E5B1127-215B-4785-A83C-639FCF8EAE77}.Release|x64.ActiveCfg = Release|Any CPU
		{4E5B1127-215B-4785-A83C-639FCF8EAE77}.Release|x64.Build.0 = Release|Any CPU
		{4E5B1127-215B-4785-A83C-639FCF8EAE77}.Release|x86.ActiveCfg = Release|Any CPU
		{4E5B1127-215B-4785-A83C-639FCF8EAE77}.Release|x86.Build.0 = Release|Any CPU
		{567470C1-CBC4-4C11-9DB5-ABA2F012CABF}.Debug|Any CPU.ActiveCfg = Debug|Any CPU
		{567470C1-CBC4-4C11-9DB5-ABA2F012CABF}.Debug|Any CPU.Build.0 = Debug|Any CPU
		{567470C1-CBC4-4C11-9DB5-ABA2F012CABF}.Debug|x64.ActiveCfg = Debug|Any CPU
		{567470C1-CBC4-4C11-9DB5-ABA2F012CABF}.Debug|x64.Build.0 = Debug|Any CPU
		{567470C1-CBC4-4C11-9DB5-ABA2F012CABF}.Debug|x86.ActiveCfg = Debug|Any CPU
		{567470C1-CBC4-4C11-9DB5-ABA2F012CABF}.Debug|x86.Build.0 = Debug|Any CPU
		{567470C1-CBC4-4C11-9DB5-ABA2F012CABF}.Release|Any CPU.ActiveCfg = Release|Any CPU
		{567470C1-CBC4-4C11-9DB5-ABA2F012CABF}.Release|Any CPU.Build.0 = Release|Any CPU
		{567470C1-CBC4-4C11-9DB5-ABA2F012CABF}.Release|x64.ActiveCfg = Release|Any CPU
		{567470C1-CBC4-4C11-9DB5-ABA2F012CABF}.Release|x64.Build.0 = Release|Any CPU
		{567470C1-CBC4-4C11-9DB5-ABA2F012CABF}.Release|x86.ActiveCfg = Release|Any CPU
		{567470C1-CBC4-4C11-9DB5-ABA2F012CABF}.Release|x86.Build.0 = Release|Any CPU
		{AB6E6709-344F-4334-A4FE-38CDB6FF3265}.Debug|Any CPU.ActiveCfg = Debug|Any CPU
		{AB6E6709-344F-4334-A4FE-38CDB6FF3265}.Debug|Any CPU.Build.0 = Debug|Any CPU
		{AB6E6709-344F-4334-A4FE-38CDB6FF3265}.Debug|x64.ActiveCfg = Debug|Any CPU
		{AB6E6709-344F-4334-A4FE-38CDB6FF3265}.Debug|x64.Build.0 = Debug|Any CPU
		{AB6E6709-344F-4334-A4FE-38CDB6FF3265}.Debug|x86.ActiveCfg = Debug|Any CPU
		{AB6E6709-344F-4334-A4FE-38CDB6FF3265}.Debug|x86.Build.0 = Debug|Any CPU
		{AB6E6709-344F-4334-A4FE-38CDB6FF3265}.Release|Any CPU.ActiveCfg = Release|Any CPU
		{AB6E6709-344F-4334-A4FE-38CDB6FF3265}.Release|Any CPU.Build.0 = Release|Any CPU
		{AB6E6709-344F-4334-A4FE-38CDB6FF3265}.Release|x64.ActiveCfg = Release|Any CPU
		{AB6E6709-344F-4334-A4FE-38CDB6FF3265}.Release|x64.Build.0 = Release|Any CPU
		{AB6E6709-344F-4334-A4FE-38CDB6FF3265}.Release|x86.ActiveCfg = Release|Any CPU
		{AB6E6709-344F-4334-A4FE-38CDB6FF3265}.Release|x86.Build.0 = Release|Any CPU
		{745EB526-49C4-47C5-B651-1E46B670625E}.Debug|Any CPU.ActiveCfg = Debug|Any CPU
		{745EB526-49C4-47C5-B651-1E46B670625E}.Debug|Any CPU.Build.0 = Debug|Any CPU
		{745EB526-49C4-47C5-B651-1E46B670625E}.Debug|x64.ActiveCfg = Debug|Any CPU
		{745EB526-49C4-47C5-B651-1E46B670625E}.Debug|x64.Build.0 = Debug|Any CPU
		{745EB526-49C4-47C5-B651-1E46B670625E}.Debug|x86.ActiveCfg = Debug|Any CPU
		{745EB526-49C4-47C5-B651-1E46B670625E}.Debug|x86.Build.0 = Debug|Any CPU
		{745EB526-49C4-47C5-B651-1E46B670625E}.Release|Any CPU.ActiveCfg = Release|Any CPU
		{745EB526-49C4-47C5-B651-1E46B670625E}.Release|Any CPU.Build.0 = Release|Any CPU
		{745EB526-49C4-47C5-B651-1E46B670625E}.Release|x64.ActiveCfg = Release|Any CPU
		{745EB526-49C4-47C5-B651-1E46B670625E}.Release|x64.Build.0 = Release|Any CPU
		{745EB526-49C4-47C5-B651-1E46B670625E}.Release|x86.ActiveCfg = Release|Any CPU
		{745EB526-49C4-47C5-B651-1E46B670625E}.Release|x86.Build.0 = Release|Any CPU
		{4D1E5F40-DD30-43DB-B082-7832421C4871}.Debug|Any CPU.ActiveCfg = Debug|Any CPU
		{4D1E5F40-DD30-43DB-B082-7832421C4871}.Debug|Any CPU.Build.0 = Debug|Any CPU
		{4D1E5F40-DD30-43DB-B082-7832421C4871}.Debug|x64.ActiveCfg = Debug|Any CPU
		{4D1E5F40-DD30-43DB-B082-7832421C4871}.Debug|x64.Build.0 = Debug|Any CPU
		{4D1E5F40-DD30-43DB-B082-7832421C4871}.Debug|x86.ActiveCfg = Debug|Any CPU
		{4D1E5F40-DD30-43DB-B082-7832421C4871}.Debug|x86.Build.0 = Debug|Any CPU
		{4D1E5F40-DD30-43DB-B082-7832421C4871}.Release|Any CPU.ActiveCfg = Release|Any CPU
		{4D1E5F40-DD30-43DB-B082-7832421C4871}.Release|Any CPU.Build.0 = Release|Any CPU
		{4D1E5F40-DD30-43DB-B082-7832421C4871}.Release|x64.ActiveCfg = Release|Any CPU
		{4D1E5F40-DD30-43DB-B082-7832421C4871}.Release|x64.Build.0 = Release|Any CPU
		{4D1E5F40-DD30-43DB-B082-7832421C4871}.Release|x86.ActiveCfg = Release|Any CPU
		{4D1E5F40-DD30-43DB-B082-7832421C4871}.Release|x86.Build.0 = Release|Any CPU
		{DD6B716C-8CEE-407C-A4B7-EA0D4B46BD20}.Debug|Any CPU.ActiveCfg = Debug|Any CPU
		{DD6B716C-8CEE-407C-A4B7-EA0D4B46BD20}.Debug|Any CPU.Build.0 = Debug|Any CPU
		{DD6B716C-8CEE-407C-A4B7-EA0D4B46BD20}.Debug|x64.ActiveCfg = Debug|Any CPU
		{DD6B716C-8CEE-407C-A4B7-EA0D4B46BD20}.Debug|x64.Build.0 = Debug|Any CPU
		{DD6B716C-8CEE-407C-A4B7-EA0D4B46BD20}.Debug|x86.ActiveCfg = Debug|Any CPU
		{DD6B716C-8CEE-407C-A4B7-EA0D4B46BD20}.Debug|x86.Build.0 = Debug|Any CPU
		{DD6B716C-8CEE-407C-A4B7-EA0D4B46BD20}.Release|Any CPU.ActiveCfg = Release|Any CPU
		{DD6B716C-8CEE-407C-A4B7-EA0D4B46BD20}.Release|Any CPU.Build.0 = Release|Any CPU
		{DD6B716C-8CEE-407C-A4B7-EA0D4B46BD20}.Release|x64.ActiveCfg = Release|Any CPU
		{DD6B716C-8CEE-407C-A4B7-EA0D4B46BD20}.Release|x64.Build.0 = Release|Any CPU
		{DD6B716C-8CEE-407C-A4B7-EA0D4B46BD20}.Release|x86.ActiveCfg = Release|Any CPU
		{DD6B716C-8CEE-407C-A4B7-EA0D4B46BD20}.Release|x86.Build.0 = Release|Any CPU
	EndGlobalSection
	GlobalSection(NestedProjects) = preSolution
		{114A49B3-480E-4698-83DF-3EE1A5755294} = {1889B71D-B58B-4AAC-949A-D9FCDFCC9244}
		{F75753A1-4D6B-48AC-971D-08AB4F9802E5} = {114A49B3-480E-4698-83DF-3EE1A5755294}
		{683C9E9B-FD0A-4C3E-A414-34F74B689A16} = {114A49B3-480E-4698-83DF-3EE1A5755294}
		{97258FA6-C25A-4D57-A3CC-EEF841391063} = {683C9E9B-FD0A-4C3E-A414-34F74B689A16}
		{3FE3302B-B27A-4EB6-89A1-90B46548C324} = {683C9E9B-FD0A-4C3E-A414-34F74B689A16}
		{42DD53D1-0C82-4BC6-89B1-67FA0953B5CD} = {683C9E9B-FD0A-4C3E-A414-34F74B689A16}
		{AF0CCE70-4712-432B-823B-A8F47BC51EC3} = {683C9E9B-FD0A-4C3E-A414-34F74B689A16}
		{09C7337D-CAD5-4A7F-A421-25AB69B4C851} = {683C9E9B-FD0A-4C3E-A414-34F74B689A16}
		{6E655E50-AF43-4C76-A19C-8BCCBC6909F3} = {114A49B3-480E-4698-83DF-3EE1A5755294}
		{0F813CE5-444D-49A4-94FE-2E19876183EF} = {6E655E50-AF43-4C76-A19C-8BCCBC6909F3}
		{EE9486B5-9BC5-421D-BA20-C7242E97F37F} = {6E655E50-AF43-4C76-A19C-8BCCBC6909F3}
		{63A2EE61-1382-4E95-8ED3-DCC3569F1A3C} = {6E655E50-AF43-4C76-A19C-8BCCBC6909F3}
		{A29188B3-99C3-423F-863B-8AFE9F52F79B} = {6E655E50-AF43-4C76-A19C-8BCCBC6909F3}
		{1450AA17-2A9B-44D2-A1B4-DC0A79F3E56F} = {6E655E50-AF43-4C76-A19C-8BCCBC6909F3}
		{24635935-C860-48E3-9496-EB8E75A69446} = {114A49B3-480E-4698-83DF-3EE1A5755294}
		{26F39996-BCB3-4ACE-82C6-94289D42530C} = {24635935-C860-48E3-9496-EB8E75A69446}
		{8FF76BF9-1CFD-40E0-8ED2-3E002B298E0A} = {24635935-C860-48E3-9496-EB8E75A69446}
		{5EE3CB63-EBE3-4021-B912-3D97B48D7B26} = {24635935-C860-48E3-9496-EB8E75A69446}
		{804839A2-0282-4493-82C4-DA3FD0CFFF67} = {24635935-C860-48E3-9496-EB8E75A69446}
		{4E5B1127-215B-4785-A83C-639FCF8EAE77} = {24635935-C860-48E3-9496-EB8E75A69446}
		{101A0425-48C6-46A5-BC12-3B8115F9B107} = {114A49B3-480E-4698-83DF-3EE1A5755294}
		{567470C1-CBC4-4C11-9DB5-ABA2F012CABF} = {101A0425-48C6-46A5-BC12-3B8115F9B107}
		{AB6E6709-344F-4334-A4FE-38CDB6FF3265} = {101A0425-48C6-46A5-BC12-3B8115F9B107}
		{745EB526-49C4-47C5-B651-1E46B670625E} = {101A0425-48C6-46A5-BC12-3B8115F9B107}
		{4D1E5F40-DD30-43DB-B082-7832421C4871} = {101A0425-48C6-46A5-BC12-3B8115F9B107}
		{DD6B716C-8CEE-407C-A4B7-EA0D4B46BD20} = {101A0425-48C6-46A5-BC12-3B8115F9B107}
	EndGlobalSection
EndGlobal
