
Microsoft Visual Studio Solution File, Format Version 12.00
# Visual Studio 15
VisualStudioVersion = 15.0.26124.0
MinimumVisualStudioVersion = 15.0.26124.0
Project("{FAE04EC0-301F-11D3-BF4B-00C04F79EFBC}") = "Dispatching.API", "Dispatching.API\Dispatching.API.csproj", "{C96F1B41-ED40-4346-8055-4EECA80F3444}"
EndProject
Project("{FAE04EC0-301F-11D3-BF4B-00C04F79EFBC}") = "Dispatching.Application", "Dispatching.Application\Dispatching.Application.csproj", "{12A9E8AE-42E5-4579-87DA-C867BBD831E7}"
EndProject
Project("{FAE04EC0-301F-11D3-BF4B-00C04F79EFBC}") = "Dispatching.Domain", "Dispatching.Domain\Dispatching.Domain.csproj", "{D96ACDA8-5BA9-4CD7-98A4-77DF356CACD9}"
EndProject
Project("{FAE04EC0-301F-11D3-BF4B-00C04F79EFBC}") = "Dispatching.Infrastructure", "Dispatching.Infrastructure\Dispatching.Infrastructure.csproj", "{7B1CB8C8-22AD-4076-B7AD-5E12DEF2A071}"
EndProject
Project("{FAE04EC0-301F-11D3-BF4B-00C04F79EFBC}") = "Dispatching.UnitTests", "Dispatching.UnitTests\Dispatching.UnitTests.csproj", "{1B2BEE85-98D6-4634-90D1-6468C0631BC6}"
EndProject
Global
	GlobalSection(SolutionConfigurationPlatforms) = preSolution
		Debug|Any CPU = Debug|Any CPU
		Debug|x64 = Debug|x64
		Debug|x86 = Debug|x86
		Release|Any CPU = Release|Any CPU
		Release|x64 = Release|x64
		Release|x86 = Release|x86
	EndGlobalSection
	GlobalSection(SolutionProperties) = preSolution
		HideSolutionNode = FALSE
	EndGlobalSection
	GlobalSection(ProjectConfigurationPlatforms) = postSolution
		{C96F1B41-ED40-4346-8055-4EECA80F3444}.Debug|Any CPU.ActiveCfg = Debug|Any CPU
		{C96F1B41-ED40-4346-8055-4EECA80F3444}.Debug|Any CPU.Build.0 = Debug|Any CPU
		{C96F1B41-ED40-4346-8055-4EECA80F3444}.Debug|x64.ActiveCfg = Debug|Any CPU
		{C96F1B41-ED40-4346-8055-4EECA80F3444}.Debug|x64.Build.0 = Debug|Any CPU
		{C96F1B41-ED40-4346-8055-4EECA80F3444}.Debug|x86.ActiveCfg = Debug|Any CPU
		{C96F1B41-ED40-4346-8055-4EECA80F3444}.Debug|x86.Build.0 = Debug|Any CPU
		{C96F1B41-ED40-4346-8055-4EECA80F3444}.Release|Any CPU.ActiveCfg = Release|Any CPU
		{C96F1B41-ED40-4346-8055-4EECA80F3444}.Release|Any CPU.Build.0 = Release|Any CPU
		{C96F1B41-ED40-4346-8055-4EECA80F3444}.Release|x64.ActiveCfg = Release|Any CPU
		{C96F1B41-ED40-4346-8055-4EECA80F3444}.Release|x64.Build.0 = Release|Any CPU
		{C96F1B41-ED40-4346-8055-4EECA80F3444}.Release|x86.ActiveCfg = Release|Any CPU
		{C96F1B41-ED40-4346-8055-4EECA80F3444}.Release|x86.Build.0 = Release|Any CPU
		{12A9E8AE-42E5-4579-87DA-C867BBD831E7}.Debug|Any CPU.ActiveCfg = Debug|Any CPU
		{12A9E8AE-42E5-4579-87DA-C867BBD831E7}.Debug|Any CPU.Build.0 = Debug|Any CPU
		{12A9E8AE-42E5-4579-87DA-C867BBD831E7}.Debug|x64.ActiveCfg = Debug|Any CPU
		{12A9E8AE-42E5-4579-87DA-C867BBD831E7}.Debug|x64.Build.0 = Debug|Any CPU
		{12A9E8AE-42E5-4579-87DA-C867BBD831E7}.Debug|x86.ActiveCfg = Debug|Any CPU
		{12A9E8AE-42E5-4579-87DA-C867BBD831E7}.Debug|x86.Build.0 = Debug|Any CPU
		{12A9E8AE-42E5-4579-87DA-C867BBD831E7}.Release|Any CPU.ActiveCfg = Release|Any CPU
		{12A9E8AE-42E5-4579-87DA-C867BBD831E7}.Release|Any CPU.Build.0 = Release|Any CPU
		{12A9E8AE-42E5-4579-87DA-C867BBD831E7}.Release|x64.ActiveCfg = Release|Any CPU
		{12A9E8AE-42E5-4579-87DA-C867BBD831E7}.Release|x64.Build.0 = Release|Any CPU
		{12A9E8AE-42E5-4579-87DA-C867BBD831E7}.Release|x86.ActiveCfg = Release|Any CPU
		{12A9E8AE-42E5-4579-87DA-C867BBD831E7}.Release|x86.Build.0 = Release|Any CPU
		{D96ACDA8-5BA9-4CD7-98A4-77DF356CACD9}.Debug|Any CPU.ActiveCfg = Debug|Any CPU
		{D96ACDA8-5BA9-4CD7-98A4-77DF356CACD9}.Debug|Any CPU.Build.0 = Debug|Any CPU
		{D96ACDA8-5BA9-4CD7-98A4-77DF356CACD9}.Debug|x64.ActiveCfg = Debug|Any CPU
		{D96ACDA8-5BA9-4CD7-98A4-77DF356CACD9}.Debug|x64.Build.0 = Debug|Any CPU
		{D96ACDA8-5BA9-4CD7-98A4-77DF356CACD9}.Debug|x86.ActiveCfg = Debug|Any CPU
		{D96ACDA8-5BA9-4CD7-98A4-77DF356CACD9}.Debug|x86.Build.0 = Debug|Any CPU
		{D96ACDA8-5BA9-4CD7-98A4-77DF356CACD9}.Release|Any CPU.ActiveCfg = Release|Any CPU
		{D96ACDA8-5BA9-4CD7-98A4-77DF356CACD9}.Release|Any CPU.Build.0 = Release|Any CPU
		{D96ACDA8-5BA9-4CD7-98A4-77DF356CACD9}.Release|x64.ActiveCfg = Release|Any CPU
		{D96ACDA8-5BA9-4CD7-98A4-77DF356CACD9}.Release|x64.Build.0 = Release|Any CPU
		{D96ACDA8-5BA9-4CD7-98A4-77DF356CACD9}.Release|x86.ActiveCfg = Release|Any CPU
		{D96ACDA8-5BA9-4CD7-98A4-77DF356CACD9}.Release|x86.Build.0 = Release|Any CPU
		{7B1CB8C8-22AD-4076-B7AD-5E12DEF2A071}.Debug|Any CPU.ActiveCfg = Debug|Any CPU
		{7B1CB8C8-22AD-4076-B7AD-5E12DEF2A071}.Debug|Any CPU.Build.0 = Debug|Any CPU
		{7B1CB8C8-22AD-4076-B7AD-5E12DEF2A071}.Debug|x64.ActiveCfg = Debug|Any CPU
		{7B1CB8C8-22AD-4076-B7AD-5E12DEF2A071}.Debug|x64.Build.0 = Debug|Any CPU
		{7B1CB8C8-22AD-4076-B7AD-5E12DEF2A071}.Debug|x86.ActiveCfg = Debug|Any CPU
		{7B1CB8C8-22AD-4076-B7AD-5E12DEF2A071}.Debug|x86.Build.0 = Debug|Any CPU
		{7B1CB8C8-22AD-4076-B7AD-5E12DEF2A071}.Release|Any CPU.ActiveCfg = Release|Any CPU
		{7B1CB8C8-22AD-4076-B7AD-5E12DEF2A071}.Release|Any CPU.Build.0 = Release|Any CPU
		{7B1CB8C8-22AD-4076-B7AD-5E12DEF2A071}.Release|x64.ActiveCfg = Release|Any CPU
		{7B1CB8C8-22AD-4076-B7AD-5E12DEF2A071}.Release|x64.Build.0 = Release|Any CPU
		{7B1CB8C8-22AD-4076-B7AD-5E12DEF2A071}.Release|x86.ActiveCfg = Release|Any CPU
		{7B1CB8C8-22AD-4076-B7AD-5E12DEF2A071}.Release|x86.Build.0 = Release|Any CPU
		{1B2BEE85-98D6-4634-90D1-6468C0631BC6}.Debug|Any CPU.ActiveCfg = Debug|Any CPU
		{1B2BEE85-98D6-4634-90D1-6468C0631BC6}.Debug|Any CPU.Build.0 = Debug|Any CPU
		{1B2BEE85-98D6-4634-90D1-6468C0631BC6}.Debug|x64.ActiveCfg = Debug|Any CPU
		{1B2BEE85-98D6-4634-90D1-6468C0631BC6}.Debug|x64.Build.0 = Debug|Any CPU
		{1B2BEE85-98D6-4634-90D1-6468C0631BC6}.Debug|x86.ActiveCfg = Debug|Any CPU
		{1B2BEE85-98D6-4634-90D1-6468C0631BC6}.Debug|x86.Build.0 = Debug|Any CPU
		{1B2BEE85-98D6-4634-90D1-6468C0631BC6}.Release|Any CPU.ActiveCfg = Release|Any CPU
		{1B2BEE85-98D6-4634-90D1-6468C0631BC6}.Release|Any CPU.Build.0 = Release|Any CPU
		{1B2BEE85-98D6-4634-90D1-6468C0631BC6}.Release|x64.ActiveCfg = Release|Any CPU
		{1B2BEE85-98D6-4634-90D1-6468C0631BC6}.Release|x64.Build.0 = Release|Any CPU
		{1B2BEE85-98D6-4634-90D1-6468C0631BC6}.Release|x86.ActiveCfg = Release|Any CPU
		{1B2BEE85-98D6-4634-90D1-6468C0631BC6}.Release|x86.Build.0 = Release|Any CPU
	EndGlobalSection
EndGlobal
