
Microsoft Visual Studio Solution File, Format Version 12.00
# Visual Studio 15
VisualStudioVersion = 15.0.26124.0
MinimumVisualStudioVersion = 15.0.26124.0
Project("{FAE04EC0-301F-11D3-BF4B-00C04F79EFBC}") = "Vendors.API", "Vendors.API\Vendors.API.csproj", "{07D91C0C-7800-4481-BA88-92E5ACB64EEB}"
EndProject
Project("{FAE04EC0-301F-11D3-BF4B-00C04F79EFBC}") = "Vendors.Application", "Vendors.Application\Vendors.Application.csproj", "{E6037F21-8A15-42A6-B390-78E82DE7C55D}"
EndProject
Project("{FAE04EC0-301F-11D3-BF4B-00C04F79EFBC}") = "Vendors.Domain", "Vendors.Domain\Vendors.Domain.csproj", "{8E379EB8-C228-4CCB-8408-98114224306C}"
EndProject
Project("{FAE04EC0-301F-11D3-BF4B-00C04F79EFBC}") = "Vendors.Infrastructure", "Vendors.Infrastructure\Vendors.Infrastructure.csproj", "{0D9B9279-95BD-4D57-90F0-0D6A5381D3E4}"
EndProject
Project("{FAE04EC0-301F-11D3-BF4B-00C04F79EFBC}") = "Vendors.UnitTests", "Vendors.UnitTests\Vendors.UnitTests.csproj", "{1BB41FC4-7FEA-46D1-B6F1-3D7D78853E8F}"
EndProject
Global
	GlobalSection(SolutionConfigurationPlatforms) = preSolution
		Debug|Any CPU = Debug|Any CPU
		Debug|x64 = Debug|x64
		Debug|x86 = Debug|x86
		Release|Any CPU = Release|Any CPU
		Release|x64 = Release|x64
		Release|x86 = Release|x86
	EndGlobalSection
	GlobalSection(SolutionProperties) = preSolution
		HideSolutionNode = FALSE
	EndGlobalSection
	GlobalSection(ProjectConfigurationPlatforms) = postSolution
		{07D91C0C-7800-4481-BA88-92E5ACB64EEB}.Debug|Any CPU.ActiveCfg = Debug|Any CPU
		{07D91C0C-7800-4481-BA88-92E5ACB64EEB}.Debug|Any CPU.Build.0 = Debug|Any CPU
		{07D91C0C-7800-4481-BA88-92E5ACB64EEB}.Debug|x64.ActiveCfg = Debug|Any CPU
		{07D91C0C-7800-4481-BA88-92E5ACB64EEB}.Debug|x64.Build.0 = Debug|Any CPU
		{07D91C0C-7800-4481-BA88-92E5ACB64EEB}.Debug|x86.ActiveCfg = Debug|Any CPU
		{07D91C0C-7800-4481-BA88-92E5ACB64EEB}.Debug|x86.Build.0 = Debug|Any CPU
		{07D91C0C-7800-4481-BA88-92E5ACB64EEB}.Release|Any CPU.ActiveCfg = Release|Any CPU
		{07D91C0C-7800-4481-BA88-92E5ACB64EEB}.Release|Any CPU.Build.0 = Release|Any CPU
		{07D91C0C-7800-4481-BA88-92E5ACB64EEB}.Release|x64.ActiveCfg = Release|Any CPU
		{07D91C0C-7800-4481-BA88-92E5ACB64EEB}.Release|x64.Build.0 = Release|Any CPU
		{07D91C0C-7800-4481-BA88-92E5ACB64EEB}.Release|x86.ActiveCfg = Release|Any CPU
		{07D91C0C-7800-4481-BA88-92E5ACB64EEB}.Release|x86.Build.0 = Release|Any CPU
		{E6037F21-8A15-42A6-B390-78E82DE7C55D}.Debug|Any CPU.ActiveCfg = Debug|Any CPU
		{E6037F21-8A15-42A6-B390-78E82DE7C55D}.Debug|Any CPU.Build.0 = Debug|Any CPU
		{E6037F21-8A15-42A6-B390-78E82DE7C55D}.Debug|x64.ActiveCfg = Debug|Any CPU
		{E6037F21-8A15-42A6-B390-78E82DE7C55D}.Debug|x64.Build.0 = Debug|Any CPU
		{E6037F21-8A15-42A6-B390-78E82DE7C55D}.Debug|x86.ActiveCfg = Debug|Any CPU
		{E6037F21-8A15-42A6-B390-78E82DE7C55D}.Debug|x86.Build.0 = Debug|Any CPU
		{E6037F21-8A15-42A6-B390-78E82DE7C55D}.Release|Any CPU.ActiveCfg = Release|Any CPU
		{E6037F21-8A15-42A6-B390-78E82DE7C55D}.Release|Any CPU.Build.0 = Release|Any CPU
		{E6037F21-8A15-42A6-B390-78E82DE7C55D}.Release|x64.ActiveCfg = Release|Any CPU
		{E6037F21-8A15-42A6-B390-78E82DE7C55D}.Release|x64.Build.0 = Release|Any CPU
		{E6037F21-8A15-42A6-B390-78E82DE7C55D}.Release|x86.ActiveCfg = Release|Any CPU
		{E6037F21-8A15-42A6-B390-78E82DE7C55D}.Release|x86.Build.0 = Release|Any CPU
		{8E379EB8-C228-4CCB-8408-98114224306C}.Debug|Any CPU.ActiveCfg = Debug|Any CPU
		{8E379EB8-C228-4CCB-8408-98114224306C}.Debug|Any CPU.Build.0 = Debug|Any CPU
		{8E379EB8-C228-4CCB-8408-98114224306C}.Debug|x64.ActiveCfg = Debug|Any CPU
		{8E379EB8-C228-4CCB-8408-98114224306C}.Debug|x64.Build.0 = Debug|Any CPU
		{8E379EB8-C228-4CCB-8408-98114224306C}.Debug|x86.ActiveCfg = Debug|Any CPU
		{8E379EB8-C228-4CCB-8408-98114224306C}.Debug|x86.Build.0 = Debug|Any CPU
		{8E379EB8-C228-4CCB-8408-98114224306C}.Release|Any CPU.ActiveCfg = Release|Any CPU
		{8E379EB8-C228-4CCB-8408-98114224306C}.Release|Any CPU.Build.0 = Release|Any CPU
		{8E379EB8-C228-4CCB-8408-98114224306C}.Release|x64.ActiveCfg = Release|Any CPU
		{8E379EB8-C228-4CCB-8408-98114224306C}.Release|x64.Build.0 = Release|Any CPU
		{8E379EB8-C228-4CCB-8408-98114224306C}.Release|x86.ActiveCfg = Release|Any CPU
		{8E379EB8-C228-4CCB-8408-98114224306C}.Release|x86.Build.0 = Release|Any CPU
		{0D9B9279-95BD-4D57-90F0-0D6A5381D3E4}.Debug|Any CPU.ActiveCfg = Debug|Any CPU
		{0D9B9279-95BD-4D57-90F0-0D6A5381D3E4}.Debug|Any CPU.Build.0 = Debug|Any CPU
		{0D9B9279-95BD-4D57-90F0-0D6A5381D3E4}.Debug|x64.ActiveCfg = Debug|Any CPU
		{0D9B9279-95BD-4D57-90F0-0D6A5381D3E4}.Debug|x64.Build.0 = Debug|Any CPU
		{0D9B9279-95BD-4D57-90F0-0D6A5381D3E4}.Debug|x86.ActiveCfg = Debug|Any CPU
		{0D9B9279-95BD-4D57-90F0-0D6A5381D3E4}.Debug|x86.Build.0 = Debug|Any CPU
		{0D9B9279-95BD-4D57-90F0-0D6A5381D3E4}.Release|Any CPU.ActiveCfg = Release|Any CPU
		{0D9B9279-95BD-4D57-90F0-0D6A5381D3E4}.Release|Any CPU.Build.0 = Release|Any CPU
		{0D9B9279-95BD-4D57-90F0-0D6A5381D3E4}.Release|x64.ActiveCfg = Release|Any CPU
		{0D9B9279-95BD-4D57-90F0-0D6A5381D3E4}.Release|x64.Build.0 = Release|Any CPU
		{0D9B9279-95BD-4D57-90F0-0D6A5381D3E4}.Release|x86.ActiveCfg = Release|Any CPU
		{0D9B9279-95BD-4D57-90F0-0D6A5381D3E4}.Release|x86.Build.0 = Release|Any CPU
		{1BB41FC4-7FEA-46D1-B6F1-3D7D78853E8F}.Debug|Any CPU.ActiveCfg = Debug|Any CPU
		{1BB41FC4-7FEA-46D1-B6F1-3D7D78853E8F}.Debug|Any CPU.Build.0 = Debug|Any CPU
		{1BB41FC4-7FEA-46D1-B6F1-3D7D78853E8F}.Debug|x64.ActiveCfg = Debug|Any CPU
		{1BB41FC4-7FEA-46D1-B6F1-3D7D78853E8F}.Debug|x64.Build.0 = Debug|Any CPU
		{1BB41FC4-7FEA-46D1-B6F1-3D7D78853E8F}.Debug|x86.ActiveCfg = Debug|Any CPU
		{1BB41FC4-7FEA-46D1-B6F1-3D7D78853E8F}.Debug|x86.Build.0 = Debug|Any CPU
		{1BB41FC4-7FEA-46D1-B6F1-3D7D78853E8F}.Release|Any CPU.ActiveCfg = Release|Any CPU
		{1BB41FC4-7FEA-46D1-B6F1-3D7D78853E8F}.Release|Any CPU.Build.0 = Release|Any CPU
		{1BB41FC4-7FEA-46D1-B6F1-3D7D78853E8F}.Release|x64.ActiveCfg = Release|Any CPU
		{1BB41FC4-7FEA-46D1-B6F1-3D7D78853E8F}.Release|x64.Build.0 = Release|Any CPU
		{1BB41FC4-7FEA-46D1-B6F1-3D7D78853E8F}.Release|x86.ActiveCfg = Release|Any CPU
		{1BB41FC4-7FEA-46D1-B6F1-3D7D78853E8F}.Release|x86.Build.0 = Release|Any CPU
	EndGlobalSection
EndGlobal
