
Microsoft Visual Studio Solution File, Format Version 12.00
# Visual Studio 15
VisualStudioVersion = 15.0.26124.0
MinimumVisualStudioVersion = 15.0.26124.0
Project("{FAE04EC0-301F-11D3-BF4B-00C04F79EFBC}") = "Hauling.API", "Hauling.API\Hauling.API.csproj", "{4DEDC4AF-BBF3-473F-8A89-BA8571CF6D00}"
EndProject
Project("{FAE04EC0-301F-11D3-BF4B-00C04F79EFBC}") = "Hauling.Application", "Hauling.Application\Hauling.Application.csproj", "{296DB71D-1DF5-4C5A-B1D7-BF24C995BE1E}"
EndProject
Project("{FAE04EC0-301F-11D3-BF4B-00C04F79EFBC}") = "Hauling.Domain", "Hauling.Domain\Hauling.Domain.csproj", "{D59A179B-523F-4C8C-A8C8-6BE5211B975F}"
EndProject
Project("{FAE04EC0-301F-11D3-BF4B-00C04F79EFBC}") = "Hauling.Infrastructure", "Hauling.Infrastructure\Hauling.Infrastructure.csproj", "{DCFA1090-4915-4A86-AE86-8625CA66168A}"
EndProject
Project("{FAE04EC0-301F-11D3-BF4B-00C04F79EFBC}") = "Hauling.UnitTests", "Hauling.UnitTests\Hauling.UnitTests.csproj", "{7A9A9DD4-9402-4384-AC49-8807F698E779}"
EndProject
Global
	GlobalSection(SolutionConfigurationPlatforms) = preSolution
		Debug|Any CPU = Debug|Any CPU
		Debug|x64 = Debug|x64
		Debug|x86 = Debug|x86
		Release|Any CPU = Release|Any CPU
		Release|x64 = Release|x64
		Release|x86 = Release|x86
	EndGlobalSection
	GlobalSection(SolutionProperties) = preSolution
		HideSolutionNode = FALSE
	EndGlobalSection
	GlobalSection(ProjectConfigurationPlatforms) = postSolution
		{4DEDC4AF-BBF3-473F-8A89-BA8571CF6D00}.Debug|Any CPU.ActiveCfg = Debug|Any CPU
		{4DEDC4AF-BBF3-473F-8A89-BA8571CF6D00}.Debug|Any CPU.Build.0 = Debug|Any CPU
		{4DEDC4AF-BBF3-473F-8A89-BA8571CF6D00}.Debug|x64.ActiveCfg = Debug|Any CPU
		{4DEDC4AF-BBF3-473F-8A89-BA8571CF6D00}.Debug|x64.Build.0 = Debug|Any CPU
		{4DEDC4AF-BBF3-473F-8A89-BA8571CF6D00}.Debug|x86.ActiveCfg = Debug|Any CPU
		{4DEDC4AF-BBF3-473F-8A89-BA8571CF6D00}.Debug|x86.Build.0 = Debug|Any CPU
		{4DEDC4AF-BBF3-473F-8A89-BA8571CF6D00}.Release|Any CPU.ActiveCfg = Release|Any CPU
		{4DEDC4AF-BBF3-473F-8A89-BA8571CF6D00}.Release|Any CPU.Build.0 = Release|Any CPU
		{4DEDC4AF-BBF3-473F-8A89-BA8571CF6D00}.Release|x64.ActiveCfg = Release|Any CPU
		{4DEDC4AF-BBF3-473F-8A89-BA8571CF6D00}.Release|x64.Build.0 = Release|Any CPU
		{4DEDC4AF-BBF3-473F-8A89-BA8571CF6D00}.Release|x86.ActiveCfg = Release|Any CPU
		{4DEDC4AF-BBF3-473F-8A89-BA8571CF6D00}.Release|x86.Build.0 = Release|Any CPU
		{296DB71D-1DF5-4C5A-B1D7-BF24C995BE1E}.Debug|Any CPU.ActiveCfg = Debug|Any CPU
		{296DB71D-1DF5-4C5A-B1D7-BF24C995BE1E}.Debug|Any CPU.Build.0 = Debug|Any CPU
		{296DB71D-1DF5-4C5A-B1D7-BF24C995BE1E}.Debug|x64.ActiveCfg = Debug|Any CPU
		{296DB71D-1DF5-4C5A-B1D7-BF24C995BE1E}.Debug|x64.Build.0 = Debug|Any CPU
		{296DB71D-1DF5-4C5A-B1D7-BF24C995BE1E}.Debug|x86.ActiveCfg = Debug|Any CPU
		{296DB71D-1DF5-4C5A-B1D7-BF24C995BE1E}.Debug|x86.Build.0 = Debug|Any CPU
		{296DB71D-1DF5-4C5A-B1D7-BF24C995BE1E}.Release|Any CPU.ActiveCfg = Release|Any CPU
		{296DB71D-1DF5-4C5A-B1D7-BF24C995BE1E}.Release|Any CPU.Build.0 = Release|Any CPU
		{296DB71D-1DF5-4C5A-B1D7-BF24C995BE1E}.Release|x64.ActiveCfg = Release|Any CPU
		{296DB71D-1DF5-4C5A-B1D7-BF24C995BE1E}.Release|x64.Build.0 = Release|Any CPU
		{296DB71D-1DF5-4C5A-B1D7-BF24C995BE1E}.Release|x86.ActiveCfg = Release|Any CPU
		{296DB71D-1DF5-4C5A-B1D7-BF24C995BE1E}.Release|x86.Build.0 = Release|Any CPU
		{D59A179B-523F-4C8C-A8C8-6BE5211B975F}.Debug|Any CPU.ActiveCfg = Debug|Any CPU
		{D59A179B-523F-4C8C-A8C8-6BE5211B975F}.Debug|Any CPU.Build.0 = Debug|Any CPU
		{D59A179B-523F-4C8C-A8C8-6BE5211B975F}.Debug|x64.ActiveCfg = Debug|Any CPU
		{D59A179B-523F-4C8C-A8C8-6BE5211B975F}.Debug|x64.Build.0 = Debug|Any CPU
		{D59A179B-523F-4C8C-A8C8-6BE5211B975F}.Debug|x86.ActiveCfg = Debug|Any CPU
		{D59A179B-523F-4C8C-A8C8-6BE5211B975F}.Debug|x86.Build.0 = Debug|Any CPU
		{D59A179B-523F-4C8C-A8C8-6BE5211B975F}.Release|Any CPU.ActiveCfg = Release|Any CPU
		{D59A179B-523F-4C8C-A8C8-6BE5211B975F}.Release|Any CPU.Build.0 = Release|Any CPU
		{D59A179B-523F-4C8C-A8C8-6BE5211B975F}.Release|x64.ActiveCfg = Release|Any CPU
		{D59A179B-523F-4C8C-A8C8-6BE5211B975F}.Release|x64.Build.0 = Release|Any CPU
		{D59A179B-523F-4C8C-A8C8-6BE5211B975F}.Release|x86.ActiveCfg = Release|Any CPU
		{D59A179B-523F-4C8C-A8C8-6BE5211B975F}.Release|x86.Build.0 = Release|Any CPU
		{DCFA1090-4915-4A86-AE86-8625CA66168A}.Debug|Any CPU.ActiveCfg = Debug|Any CPU
		{DCFA1090-4915-4A86-AE86-8625CA66168A}.Debug|Any CPU.Build.0 = Debug|Any CPU
		{DCFA1090-4915-4A86-AE86-8625CA66168A}.Debug|x64.ActiveCfg = Debug|Any CPU
		{DCFA1090-4915-4A86-AE86-8625CA66168A}.Debug|x64.Build.0 = Debug|Any CPU
		{DCFA1090-4915-4A86-AE86-8625CA66168A}.Debug|x86.ActiveCfg = Debug|Any CPU
		{DCFA1090-4915-4A86-AE86-8625CA66168A}.Debug|x86.Build.0 = Debug|Any CPU
		{DCFA1090-4915-4A86-AE86-8625CA66168A}.Release|Any CPU.ActiveCfg = Release|Any CPU
		{DCFA1090-4915-4A86-AE86-8625CA66168A}.Release|Any CPU.Build.0 = Release|Any CPU
		{DCFA1090-4915-4A86-AE86-8625CA66168A}.Release|x64.ActiveCfg = Release|Any CPU
		{DCFA1090-4915-4A86-AE86-8625CA66168A}.Release|x64.Build.0 = Release|Any CPU
		{DCFA1090-4915-4A86-AE86-8625CA66168A}.Release|x86.ActiveCfg = Release|Any CPU
		{DCFA1090-4915-4A86-AE86-8625CA66168A}.Release|x86.Build.0 = Release|Any CPU
		{7A9A9DD4-9402-4384-AC49-8807F698E779}.Debug|Any CPU.ActiveCfg = Debug|Any CPU
		{7A9A9DD4-9402-4384-AC49-8807F698E779}.Debug|Any CPU.Build.0 = Debug|Any CPU
		{7A9A9DD4-9402-4384-AC49-8807F698E779}.Debug|x64.ActiveCfg = Debug|Any CPU
		{7A9A9DD4-9402-4384-AC49-8807F698E779}.Debug|x64.Build.0 = Debug|Any CPU
		{7A9A9DD4-9402-4384-AC49-8807F698E779}.Debug|x86.ActiveCfg = Debug|Any CPU
		{7A9A9DD4-9402-4384-AC49-8807F698E779}.Debug|x86.Build.0 = Debug|Any CPU
		{7A9A9DD4-9402-4384-AC49-8807F698E779}.Release|Any CPU.ActiveCfg = Release|Any CPU
		{7A9A9DD4-9402-4384-AC49-8807F698E779}.Release|Any CPU.Build.0 = Release|Any CPU
		{7A9A9DD4-9402-4384-AC49-8807F698E779}.Release|x64.ActiveCfg = Release|Any CPU
		{7A9A9DD4-9402-4384-AC49-8807F698E779}.Release|x64.Build.0 = Release|Any CPU
		{7A9A9DD4-9402-4384-AC49-8807F698E779}.Release|x86.ActiveCfg = Release|Any CPU
		{7A9A9DD4-9402-4384-AC49-8807F698E779}.Release|x86.Build.0 = Release|Any CPU
	EndGlobalSection
EndGlobal
