
Microsoft Visual Studio Solution File, Format Version 12.00
# Visual Studio 15
VisualStudioVersion = 15.0.26124.0
MinimumVisualStudioVersion = 15.0.26124.0
Project("{FAE04EC0-301F-11D3-BF4B-00C04F79EFBC}") = "Core", "Core\Core.csproj", "{13C4DCF0-BD62-4E89-938A-E40946D5541E}"
EndProject
Project("{2150E333-8FDC-42A3-9474-1A3956D46DE8}") = "Dispatching", "Dispatching", "{D7A215E1-FAC4-47AB-B8AE-0F2A79DBD716}"
EndProject
Project("{FAE04EC0-301F-11D3-BF4B-00C04F79EFBC}") = "Dispatching.API", "Dispatching\Dispatching.API\Dispatching.API.csproj", "{DC956029-CD9B-41FF-A072-A7592F018287}"
EndProject
Project("{FAE04EC0-301F-11D3-BF4B-00C04F79EFBC}") = "Dispatching.Application", "Dispatching\Dispatching.Application\Dispatching.Application.csproj", "{E8EB621E-F42A-43CA-9B52-0B014EDEB8DE}"
EndProject
Project("{FAE04EC0-301F-11D3-BF4B-00C04F79EFBC}") = "Dispatching.Domain", "Dispatching\Dispatching.Domain\Dispatching.Domain.csproj", "{E48818CE-8101-4C2F-8050-3640D5FDC9EA}"
EndProject
Project("{FAE04EC0-301F-11D3-BF4B-00C04F79EFBC}") = "Dispatching.Infrastructure", "Dispatching\Dispatching.Infrastructure\Dispatching.Infrastructure.csproj", "{543D78EA-0896-4232-8B1F-6AD4C0616A12}"
EndProject
Project("{FAE04EC0-301F-11D3-BF4B-00C04F79EFBC}") = "Dispatching.UnitTests", "Dispatching\Dispatching.UnitTests\Dispatching.UnitTests.csproj", "{8FF8AD15-D2FC-43DB-8588-D24178C01037}"
EndProject
Project("{2150E333-8FDC-42A3-9474-1A3956D46DE8}") = "Hauling", "Hauling", "{6AD33135-5BF9-4BEA-B0B7-2C69F1A46D88}"
EndProject
Project("{FAE04EC0-301F-11D3-BF4B-00C04F79EFBC}") = "Hauling.API", "Hauling\Hauling.API\Hauling.API.csproj", "{8203FABA-D1A3-4202-96F0-445FD22E257B}"
EndProject
Project("{FAE04EC0-301F-11D3-BF4B-00C04F79EFBC}") = "Hauling.Application", "Hauling\Hauling.Application\Hauling.Application.csproj", "{0C524993-5FF2-43E0-B377-ABE9A67D136F}"
EndProject
Project("{FAE04EC0-301F-11D3-BF4B-00C04F79EFBC}") = "Hauling.Domain", "Hauling\Hauling.Domain\Hauling.Domain.csproj", "{C20FF312-D8FF-4CAF-9ABC-7E46420DCC76}"
EndProject
Project("{FAE04EC0-301F-11D3-BF4B-00C04F79EFBC}") = "Hauling.Infrastructure", "Hauling\Hauling.Infrastructure\Hauling.Infrastructure.csproj", "{1FE00933-B851-40E4-8187-B705288313B9}"
EndProject
Project("{FAE04EC0-301F-11D3-BF4B-00C04F79EFBC}") = "Hauling.UnitTests", "Hauling\Hauling.UnitTests\Hauling.UnitTests.csproj", "{5DBDD01F-E6A9-4AE1-9509-BA7ED6D31FBB}"
EndProject
Project("{2150E333-8FDC-42A3-9474-1A3956D46DE8}") = "Ordering", "Ordering", "{5F1C7CC5-BA41-4D35-8625-7E8937E3CFA0}"
EndProject
Project("{FAE04EC0-301F-11D3-BF4B-00C04F79EFBC}") = "Ordering.API", "Ordering\Ordering.API\Ordering.API.csproj", "{21558258-DF09-4CD7-AE01-37AE13FFC7DD}"
EndProject
Project("{FAE04EC0-301F-11D3-BF4B-00C04F79EFBC}") = "Ordering.Application", "Ordering\Ordering.Application\Ordering.Application.csproj", "{810D4256-3EC5-4D91-9F82-B5EFA84FC7FE}"
EndProject
Project("{FAE04EC0-301F-11D3-BF4B-00C04F79EFBC}") = "Ordering.Domain", "Ordering\Ordering.Domain\Ordering.Domain.csproj", "{AA752972-A9DD-4BF1-BA8C-0D3B0709A20B}"
EndProject
Project("{FAE04EC0-301F-11D3-BF4B-00C04F79EFBC}") = "Ordering.Infrastructure", "Ordering\Ordering.Infrastructure\Ordering.Infrastructure.csproj", "{B2C0F386-1238-4194-8396-9735F5DE9267}"
EndProject
Project("{FAE04EC0-301F-11D3-BF4B-00C04F79EFBC}") = "Ordering.UnitTests", "Ordering\Ordering.UnitTests\Ordering.UnitTests.csproj", "{F1E98B4D-7386-4E4D-94CB-72F5C8F73270}"
EndProject
Project("{2150E333-8FDC-42A3-9474-1A3956D46DE8}") = "Payments", "Payments", "{ADB01CB0-D14C-4500-900C-C5D90E75FF3D}"
EndProject
Project("{FAE04EC0-301F-11D3-BF4B-00C04F79EFBC}") = "Payments.API", "Payments\Payments.API\Payments.API.csproj", "{B05F3D44-52D4-4112-8BA2-05D53BF3D112}"
EndProject
Project("{FAE04EC0-301F-11D3-BF4B-00C04F79EFBC}") = "Payments.Application", "Payments\Payments.Application\Payments.Application.csproj", "{22D2492E-1A19-460A-BCA7-CDE71067C346}"
EndProject
Project("{FAE04EC0-301F-11D3-BF4B-00C04F79EFBC}") = "Payments.Domain", "Payments\Payments.Domain\Payments.Domain.csproj", "{D8C7F89A-BDD9-4FA7-9891-D037D3922DA9}"
EndProject
Project("{FAE04EC0-301F-11D3-BF4B-00C04F79EFBC}") = "Payments.Infrastructure", "Payments\Payments.Infrastructure\Payments.Infrastructure.csproj", "{49C5C913-81A1-4584-AA86-5D7B2D36CF44}"
EndProject
Project("{FAE04EC0-301F-11D3-BF4B-00C04F79EFBC}") = "Payments.UnitTests", "Payments\Payments.UnitTests\Payments.UnitTests.csproj", "{821A7F01-16F5-464E-9907-6554B083D108}"
EndProject
Global
	GlobalSection(SolutionConfigurationPlatforms) = preSolution
		Debug|Any CPU = Debug|Any CPU
		Debug|x64 = Debug|x64
		Debug|x86 = Debug|x86
		Release|Any CPU = Release|Any CPU
		Release|x64 = Release|x64
		Release|x86 = Release|x86
	EndGlobalSection
	GlobalSection(SolutionProperties) = preSolution
		HideSolutionNode = FALSE
	EndGlobalSection
	GlobalSection(ProjectConfigurationPlatforms) = postSolution
		{13C4DCF0-BD62-4E89-938A-E40946D5541E}.Debug|Any CPU.ActiveCfg = Debug|Any CPU
		{13C4DCF0-BD62-4E89-938A-E40946D5541E}.Debug|Any CPU.Build.0 = Debug|Any CPU
		{13C4DCF0-BD62-4E89-938A-E40946D5541E}.Debug|x64.ActiveCfg = Debug|Any CPU
		{13C4DCF0-BD62-4E89-938A-E40946D5541E}.Debug|x64.Build.0 = Debug|Any CPU
		{13C4DCF0-BD62-4E89-938A-E40946D5541E}.Debug|x86.ActiveCfg = Debug|Any CPU
		{13C4DCF0-BD62-4E89-938A-E40946D5541E}.Debug|x86.Build.0 = Debug|Any CPU
		{13C4DCF0-BD62-4E89-938A-E40946D5541E}.Release|Any CPU.ActiveCfg = Release|Any CPU
		{13C4DCF0-BD62-4E89-938A-E40946D5541E}.Release|Any CPU.Build.0 = Release|Any CPU
		{13C4DCF0-BD62-4E89-938A-E40946D5541E}.Release|x64.ActiveCfg = Release|Any CPU
		{13C4DCF0-BD62-4E89-938A-E40946D5541E}.Release|x64.Build.0 = Release|Any CPU
		{13C4DCF0-BD62-4E89-938A-E40946D5541E}.Release|x86.ActiveCfg = Release|Any CPU
		{13C4DCF0-BD62-4E89-938A-E40946D5541E}.Release|x86.Build.0 = Release|Any CPU
		{DC956029-CD9B-41FF-A072-A7592F018287}.Debug|Any CPU.ActiveCfg = Debug|Any CPU
		{DC956029-CD9B-41FF-A072-A7592F018287}.Debug|Any CPU.Build.0 = Debug|Any CPU
		{DC956029-CD9B-41FF-A072-A7592F018287}.Debug|x64.ActiveCfg = Debug|Any CPU
		{DC956029-CD9B-41FF-A072-A7592F018287}.Debug|x64.Build.0 = Debug|Any CPU
		{DC956029-CD9B-41FF-A072-A7592F018287}.Debug|x86.ActiveCfg = Debug|Any CPU
		{DC956029-CD9B-41FF-A072-A7592F018287}.Debug|x86.Build.0 = Debug|Any CPU
		{DC956029-CD9B-41FF-A072-A7592F018287}.Release|Any CPU.ActiveCfg = Release|Any CPU
		{DC956029-CD9B-41FF-A072-A7592F018287}.Release|Any CPU.Build.0 = Release|Any CPU
		{DC956029-CD9B-41FF-A072-A7592F018287}.Release|x64.ActiveCfg = Release|Any CPU
		{DC956029-CD9B-41FF-A072-A7592F018287}.Release|x64.Build.0 = Release|Any CPU
		{DC956029-CD9B-41FF-A072-A7592F018287}.Release|x86.ActiveCfg = Release|Any CPU
		{DC956029-CD9B-41FF-A072-A7592F018287}.Release|x86.Build.0 = Release|Any CPU
		{E8EB621E-F42A-43CA-9B52-0B014EDEB8DE}.Debug|Any CPU.ActiveCfg = Debug|Any CPU
		{E8EB621E-F42A-43CA-9B52-0B014EDEB8DE}.Debug|Any CPU.Build.0 = Debug|Any CPU
		{E8EB621E-F42A-43CA-9B52-0B014EDEB8DE}.Debug|x64.ActiveCfg = Debug|Any CPU
		{E8EB621E-F42A-43CA-9B52-0B014EDEB8DE}.Debug|x64.Build.0 = Debug|Any CPU
		{E8EB621E-F42A-43CA-9B52-0B014EDEB8DE}.Debug|x86.ActiveCfg = Debug|Any CPU
		{E8EB621E-F42A-43CA-9B52-0B014EDEB8DE}.Debug|x86.Build.0 = Debug|Any CPU
		{E8EB621E-F42A-43CA-9B52-0B014EDEB8DE}.Release|Any CPU.ActiveCfg = Release|Any CPU
		{E8EB621E-F42A-43CA-9B52-0B014EDEB8DE}.Release|Any CPU.Build.0 = Release|Any CPU
		{E8EB621E-F42A-43CA-9B52-0B014EDEB8DE}.Release|x64.ActiveCfg = Release|Any CPU
		{E8EB621E-F42A-43CA-9B52-0B014EDEB8DE}.Release|x64.Build.0 = Release|Any CPU
		{E8EB621E-F42A-43CA-9B52-0B014EDEB8DE}.Release|x86.ActiveCfg = Release|Any CPU
		{E8EB621E-F42A-43CA-9B52-0B014EDEB8DE}.Release|x86.Build.0 = Release|Any CPU
		{E48818CE-8101-4C2F-8050-3640D5FDC9EA}.Debug|Any CPU.ActiveCfg = Debug|Any CPU
		{E48818CE-8101-4C2F-8050-3640D5FDC9EA}.Debug|Any CPU.Build.0 = Debug|Any CPU
		{E48818CE-8101-4C2F-8050-3640D5FDC9EA}.Debug|x64.ActiveCfg = Debug|Any CPU
		{E48818CE-8101-4C2F-8050-3640D5FDC9EA}.Debug|x64.Build.0 = Debug|Any CPU
		{E48818CE-8101-4C2F-8050-3640D5FDC9EA}.Debug|x86.ActiveCfg = Debug|Any CPU
		{E48818CE-8101-4C2F-8050-3640D5FDC9EA}.Debug|x86.Build.0 = Debug|Any CPU
		{E48818CE-8101-4C2F-8050-3640D5FDC9EA}.Release|Any CPU.ActiveCfg = Release|Any CPU
		{E48818CE-8101-4C2F-8050-3640D5FDC9EA}.Release|Any CPU.Build.0 = Release|Any CPU
		{E48818CE-8101-4C2F-8050-3640D5FDC9EA}.Release|x64.ActiveCfg = Release|Any CPU
		{E48818CE-8101-4C2F-8050-3640D5FDC9EA}.Release|x64.Build.0 = Release|Any CPU
		{E48818CE-8101-4C2F-8050-3640D5FDC9EA}.Release|x86.ActiveCfg = Release|Any CPU
		{E48818CE-8101-4C2F-8050-3640D5FDC9EA}.Release|x86.Build.0 = Release|Any CPU
		{543D78EA-0896-4232-8B1F-6AD4C0616A12}.Debug|Any CPU.ActiveCfg = Debug|Any CPU
		{543D78EA-0896-4232-8B1F-6AD4C0616A12}.Debug|Any CPU.Build.0 = Debug|Any CPU
		{543D78EA-0896-4232-8B1F-6AD4C0616A12}.Debug|x64.ActiveCfg = Debug|Any CPU
		{543D78EA-0896-4232-8B1F-6AD4C0616A12}.Debug|x64.Build.0 = Debug|Any CPU
		{543D78EA-0896-4232-8B1F-6AD4C0616A12}.Debug|x86.ActiveCfg = Debug|Any CPU
		{543D78EA-0896-4232-8B1F-6AD4C0616A12}.Debug|x86.Build.0 = Debug|Any CPU
		{543D78EA-0896-4232-8B1F-6AD4C0616A12}.Release|Any CPU.ActiveCfg = Release|Any CPU
		{543D78EA-0896-4232-8B1F-6AD4C0616A12}.Release|Any CPU.Build.0 = Release|Any CPU
		{543D78EA-0896-4232-8B1F-6AD4C0616A12}.Release|x64.ActiveCfg = Release|Any CPU
		{543D78EA-0896-4232-8B1F-6AD4C0616A12}.Release|x64.Build.0 = Release|Any CPU
		{543D78EA-0896-4232-8B1F-6AD4C0616A12}.Release|x86.ActiveCfg = Release|Any CPU
		{543D78EA-0896-4232-8B1F-6AD4C0616A12}.Release|x86.Build.0 = Release|Any CPU
		{8FF8AD15-D2FC-43DB-8588-D24178C01037}.Debug|Any CPU.ActiveCfg = Debug|Any CPU
		{8FF8AD15-D2FC-43DB-8588-D24178C01037}.Debug|Any CPU.Build.0 = Debug|Any CPU
		{8FF8AD15-D2FC-43DB-8588-D24178C01037}.Debug|x64.ActiveCfg = Debug|Any CPU
		{8FF8AD15-D2FC-43DB-8588-D24178C01037}.Debug|x64.Build.0 = Debug|Any CPU
		{8FF8AD15-D2FC-43DB-8588-D24178C01037}.Debug|x86.ActiveCfg = Debug|Any CPU
		{8FF8AD15-D2FC-43DB-8588-D24178C01037}.Debug|x86.Build.0 = Debug|Any CPU
		{8FF8AD15-D2FC-43DB-8588-D24178C01037}.Release|Any CPU.ActiveCfg = Release|Any CPU
		{8FF8AD15-D2FC-43DB-8588-D24178C01037}.Release|Any CPU.Build.0 = Release|Any CPU
		{8FF8AD15-D2FC-43DB-8588-D24178C01037}.Release|x64.ActiveCfg = Release|Any CPU
		{8FF8AD15-D2FC-43DB-8588-D24178C01037}.Release|x64.Build.0 = Release|Any CPU
		{8FF8AD15-D2FC-43DB-8588-D24178C01037}.Release|x86.ActiveCfg = Release|Any CPU
		{8FF8AD15-D2FC-43DB-8588-D24178C01037}.Release|x86.Build.0 = Release|Any CPU
		{8203FABA-D1A3-4202-96F0-445FD22E257B}.Debug|Any CPU.ActiveCfg = Debug|Any CPU
		{8203FABA-D1A3-4202-96F0-445FD22E257B}.Debug|Any CPU.Build.0 = Debug|Any CPU
		{8203FABA-D1A3-4202-96F0-445FD22E257B}.Debug|x64.ActiveCfg = Debug|Any CPU
		{8203FABA-D1A3-4202-96F0-445FD22E257B}.Debug|x64.Build.0 = Debug|Any CPU
		{8203FABA-D1A3-4202-96F0-445FD22E257B}.Debug|x86.ActiveCfg = Debug|Any CPU
		{8203FABA-D1A3-4202-96F0-445FD22E257B}.Debug|x86.Build.0 = Debug|Any CPU
		{8203FABA-D1A3-4202-96F0-445FD22E257B}.Release|Any CPU.ActiveCfg = Release|Any CPU
		{8203FABA-D1A3-4202-96F0-445FD22E257B}.Release|Any CPU.Build.0 = Release|Any CPU
		{8203FABA-D1A3-4202-96F0-445FD22E257B}.Release|x64.ActiveCfg = Release|Any CPU
		{8203FABA-D1A3-4202-96F0-445FD22E257B}.Release|x64.Build.0 = Release|Any CPU
		{8203FABA-D1A3-4202-96F0-445FD22E257B}.Release|x86.ActiveCfg = Release|Any CPU
		{8203FABA-D1A3-4202-96F0-445FD22E257B}.Release|x86.Build.0 = Release|Any CPU
		{0C524993-5FF2-43E0-B377-ABE9A67D136F}.Debug|Any CPU.ActiveCfg = Debug|Any CPU
		{0C524993-5FF2-43E0-B377-ABE9A67D136F}.Debug|Any CPU.Build.0 = Debug|Any CPU
		{0C524993-5FF2-43E0-B377-ABE9A67D136F}.Debug|x64.ActiveCfg = Debug|Any CPU
		{0C524993-5FF2-43E0-B377-ABE9A67D136F}.Debug|x64.Build.0 = Debug|Any CPU
		{0C524993-5FF2-43E0-B377-ABE9A67D136F}.Debug|x86.ActiveCfg = Debug|Any CPU
		{0C524993-5FF2-43E0-B377-ABE9A67D136F}.Debug|x86.Build.0 = Debug|Any CPU
		{0C524993-5FF2-43E0-B377-ABE9A67D136F}.Release|Any CPU.ActiveCfg = Release|Any CPU
		{0C524993-5FF2-43E0-B377-ABE9A67D136F}.Release|Any CPU.Build.0 = Release|Any CPU
		{0C524993-5FF2-43E0-B377-ABE9A67D136F}.Release|x64.ActiveCfg = Release|Any CPU
		{0C524993-5FF2-43E0-B377-ABE9A67D136F}.Release|x64.Build.0 = Release|Any CPU
		{0C524993-5FF2-43E0-B377-ABE9A67D136F}.Release|x86.ActiveCfg = Release|Any CPU
		{0C524993-5FF2-43E0-B377-ABE9A67D136F}.Release|x86.Build.0 = Release|Any CPU
		{C20FF312-D8FF-4CAF-9ABC-7E46420DCC76}.Debug|Any CPU.ActiveCfg = Debug|Any CPU
		{C20FF312-D8FF-4CAF-9ABC-7E46420DCC76}.Debug|Any CPU.Build.0 = Debug|Any CPU
		{C20FF312-D8FF-4CAF-9ABC-7E46420DCC76}.Debug|x64.ActiveCfg = Debug|Any CPU
		{C20FF312-D8FF-4CAF-9ABC-7E46420DCC76}.Debug|x64.Build.0 = Debug|Any CPU
		{C20FF312-D8FF-4CAF-9ABC-7E46420DCC76}.Debug|x86.ActiveCfg = Debug|Any CPU
		{C20FF312-D8FF-4CAF-9ABC-7E46420DCC76}.Debug|x86.Build.0 = Debug|Any CPU
		{C20FF312-D8FF-4CAF-9ABC-7E46420DCC76}.Release|Any CPU.ActiveCfg = Release|Any CPU
		{C20FF312-D8FF-4CAF-9ABC-7E46420DCC76}.Release|Any CPU.Build.0 = Release|Any CPU
		{C20FF312-D8FF-4CAF-9ABC-7E46420DCC76}.Release|x64.ActiveCfg = Release|Any CPU
		{C20FF312-D8FF-4CAF-9ABC-7E46420DCC76}.Release|x64.Build.0 = Release|Any CPU
		{C20FF312-D8FF-4CAF-9ABC-7E46420DCC76}.Release|x86.ActiveCfg = Release|Any CPU
		{C20FF312-D8FF-4CAF-9ABC-7E46420DCC76}.Release|x86.Build.0 = Release|Any CPU
		{1FE00933-B851-40E4-8187-B705288313B9}.Debug|Any CPU.ActiveCfg = Debug|Any CPU
		{1FE00933-B851-40E4-8187-B705288313B9}.Debug|Any CPU.Build.0 = Debug|Any CPU
		{1FE00933-B851-40E4-8187-B705288313B9}.Debug|x64.ActiveCfg = Debug|Any CPU
		{1FE00933-B851-40E4-8187-B705288313B9}.Debug|x64.Build.0 = Debug|Any CPU
		{1FE00933-B851-40E4-8187-B705288313B9}.Debug|x86.ActiveCfg = Debug|Any CPU
		{1FE00933-B851-40E4-8187-B705288313B9}.Debug|x86.Build.0 = Debug|Any CPU
		{1FE00933-B851-40E4-8187-B705288313B9}.Release|Any CPU.ActiveCfg = Release|Any CPU
		{1FE00933-B851-40E4-8187-B705288313B9}.Release|Any CPU.Build.0 = Release|Any CPU
		{1FE00933-B851-40E4-8187-B705288313B9}.Release|x64.ActiveCfg = Release|Any CPU
		{1FE00933-B851-40E4-8187-B705288313B9}.Release|x64.Build.0 = Release|Any CPU
		{1FE00933-B851-40E4-8187-B705288313B9}.Release|x86.ActiveCfg = Release|Any CPU
		{1FE00933-B851-40E4-8187-B705288313B9}.Release|x86.Build.0 = Release|Any CPU
		{5DBDD01F-E6A9-4AE1-9509-BA7ED6D31FBB}.Debug|Any CPU.ActiveCfg = Debug|Any CPU
		{5DBDD01F-E6A9-4AE1-9509-BA7ED6D31FBB}.Debug|Any CPU.Build.0 = Debug|Any CPU
		{5DBDD01F-E6A9-4AE1-9509-BA7ED6D31FBB}.Debug|x64.ActiveCfg = Debug|Any CPU
		{5DBDD01F-E6A9-4AE1-9509-BA7ED6D31FBB}.Debug|x64.Build.0 = Debug|Any CPU
		{5DBDD01F-E6A9-4AE1-9509-BA7ED6D31FBB}.Debug|x86.ActiveCfg = Debug|Any CPU
		{5DBDD01F-E6A9-4AE1-9509-BA7ED6D31FBB}.Debug|x86.Build.0 = Debug|Any CPU
		{5DBDD01F-E6A9-4AE1-9509-BA7ED6D31FBB}.Release|Any CPU.ActiveCfg = Release|Any CPU
		{5DBDD01F-E6A9-4AE1-9509-BA7ED6D31FBB}.Release|Any CPU.Build.0 = Release|Any CPU
		{5DBDD01F-E6A9-4AE1-9509-BA7ED6D31FBB}.Release|x64.ActiveCfg = Release|Any CPU
		{5DBDD01F-E6A9-4AE1-9509-BA7ED6D31FBB}.Release|x64.Build.0 = Release|Any CPU
		{5DBDD01F-E6A9-4AE1-9509-BA7ED6D31FBB}.Release|x86.ActiveCfg = Release|Any CPU
		{5DBDD01F-E6A9-4AE1-9509-BA7ED6D31FBB}.Release|x86.Build.0 = Release|Any CPU
		{21558258-DF09-4CD7-AE01-37AE13FFC7DD}.Debug|Any CPU.ActiveCfg = Debug|Any CPU
		{21558258-DF09-4CD7-AE01-37AE13FFC7DD}.Debug|Any CPU.Build.0 = Debug|Any CPU
		{21558258-DF09-4CD7-AE01-37AE13FFC7DD}.Debug|x64.ActiveCfg = Debug|Any CPU
		{21558258-DF09-4CD7-AE01-37AE13FFC7DD}.Debug|x64.Build.0 = Debug|Any CPU
		{21558258-DF09-4CD7-AE01-37AE13FFC7DD}.Debug|x86.ActiveCfg = Debug|Any CPU
		{21558258-DF09-4CD7-AE01-37AE13FFC7DD}.Debug|x86.Build.0 = Debug|Any CPU
		{21558258-DF09-4CD7-AE01-37AE13FFC7DD}.Release|Any CPU.ActiveCfg = Release|Any CPU
		{21558258-DF09-4CD7-AE01-37AE13FFC7DD}.Release|Any CPU.Build.0 = Release|Any CPU
		{21558258-DF09-4CD7-AE01-37AE13FFC7DD}.Release|x64.ActiveCfg = Release|Any CPU
		{21558258-DF09-4CD7-AE01-37AE13FFC7DD}.Release|x64.Build.0 = Release|Any CPU
		{21558258-DF09-4CD7-AE01-37AE13FFC7DD}.Release|x86.ActiveCfg = Release|Any CPU
		{21558258-DF09-4CD7-AE01-37AE13FFC7DD}.Release|x86.Build.0 = Release|Any CPU
		{810D4256-3EC5-4D91-9F82-B5EFA84FC7FE}.Debug|Any CPU.ActiveCfg = Debug|Any CPU
		{810D4256-3EC5-4D91-9F82-B5EFA84FC7FE}.Debug|Any CPU.Build.0 = Debug|Any CPU
		{810D4256-3EC5-4D91-9F82-B5EFA84FC7FE}.Debug|x64.ActiveCfg = Debug|Any CPU
		{810D4256-3EC5-4D91-9F82-B5EFA84FC7FE}.Debug|x64.Build.0 = Debug|Any CPU
		{810D4256-3EC5-4D91-9F82-B5EFA84FC7FE}.Debug|x86.ActiveCfg = Debug|Any CPU
		{810D4256-3EC5-4D91-9F82-B5EFA84FC7FE}.Debug|x86.Build.0 = Debug|Any CPU
		{810D4256-3EC5-4D91-9F82-B5EFA84FC7FE}.Release|Any CPU.ActiveCfg = Release|Any CPU
		{810D4256-3EC5-4D91-9F82-B5EFA84FC7FE}.Release|Any CPU.Build.0 = Release|Any CPU
		{810D4256-3EC5-4D91-9F82-B5EFA84FC7FE}.Release|x64.ActiveCfg = Release|Any CPU
		{810D4256-3EC5-4D91-9F82-B5EFA84FC7FE}.Release|x64.Build.0 = Release|Any CPU
		{810D4256-3EC5-4D91-9F82-B5EFA84FC7FE}.Release|x86.ActiveCfg = Release|Any CPU
		{810D4256-3EC5-4D91-9F82-B5EFA84FC7FE}.Release|x86.Build.0 = Release|Any CPU
		{AA752972-A9DD-4BF1-BA8C-0D3B0709A20B}.Debug|Any CPU.ActiveCfg = Debug|Any CPU
		{AA752972-A9DD-4BF1-BA8C-0D3B0709A20B}.Debug|Any CPU.Build.0 = Debug|Any CPU
		{AA752972-A9DD-4BF1-BA8C-0D3B0709A20B}.Debug|x64.ActiveCfg = Debug|Any CPU
		{AA752972-A9DD-4BF1-BA8C-0D3B0709A20B}.Debug|x64.Build.0 = Debug|Any CPU
		{AA752972-A9DD-4BF1-BA8C-0D3B0709A20B}.Debug|x86.ActiveCfg = Debug|Any CPU
		{AA752972-A9DD-4BF1-BA8C-0D3B0709A20B}.Debug|x86.Build.0 = Debug|Any CPU
		{AA752972-A9DD-4BF1-BA8C-0D3B0709A20B}.Release|Any CPU.ActiveCfg = Release|Any CPU
		{AA752972-A9DD-4BF1-BA8C-0D3B0709A20B}.Release|Any CPU.Build.0 = Release|Any CPU
		{AA752972-A9DD-4BF1-BA8C-0D3B0709A20B}.Release|x64.ActiveCfg = Release|Any CPU
		{AA752972-A9DD-4BF1-BA8C-0D3B0709A20B}.Release|x64.Build.0 = Release|Any CPU
		{AA752972-A9DD-4BF1-BA8C-0D3B0709A20B}.Release|x86.ActiveCfg = Release|Any CPU
		{AA752972-A9DD-4BF1-BA8C-0D3B0709A20B}.Release|x86.Build.0 = Release|Any CPU
		{B2C0F386-1238-4194-8396-9735F5DE9267}.Debug|Any CPU.ActiveCfg = Debug|Any CPU
		{B2C0F386-1238-4194-8396-9735F5DE9267}.Debug|Any CPU.Build.0 = Debug|Any CPU
		{B2C0F386-1238-4194-8396-9735F5DE9267}.Debug|x64.ActiveCfg = Debug|Any CPU
		{B2C0F386-1238-4194-8396-9735F5DE9267}.Debug|x64.Build.0 = Debug|Any CPU
		{B2C0F386-1238-4194-8396-9735F5DE9267}.Debug|x86.ActiveCfg = Debug|Any CPU
		{B2C0F386-1238-4194-8396-9735F5DE9267}.Debug|x86.Build.0 = Debug|Any CPU
		{B2C0F386-1238-4194-8396-9735F5DE9267}.Release|Any CPU.ActiveCfg = Release|Any CPU
		{B2C0F386-1238-4194-8396-9735F5DE9267}.Release|Any CPU.Build.0 = Release|Any CPU
		{B2C0F386-1238-4194-8396-9735F5DE9267}.Release|x64.ActiveCfg = Release|Any CPU
		{B2C0F386-1238-4194-8396-9735F5DE9267}.Release|x64.Build.0 = Release|Any CPU
		{B2C0F386-1238-4194-8396-9735F5DE9267}.Release|x86.ActiveCfg = Release|Any CPU
		{B2C0F386-1238-4194-8396-9735F5DE9267}.Release|x86.Build.0 = Release|Any CPU
		{F1E98B4D-7386-4E4D-94CB-72F5C8F73270}.Debug|Any CPU.ActiveCfg = Debug|Any CPU
		{F1E98B4D-7386-4E4D-94CB-72F5C8F73270}.Debug|Any CPU.Build.0 = Debug|Any CPU
		{F1E98B4D-7386-4E4D-94CB-72F5C8F73270}.Debug|x64.ActiveCfg = Debug|Any CPU
		{F1E98B4D-7386-4E4D-94CB-72F5C8F73270}.Debug|x64.Build.0 = Debug|Any CPU
		{F1E98B4D-7386-4E4D-94CB-72F5C8F73270}.Debug|x86.ActiveCfg = Debug|Any CPU
		{F1E98B4D-7386-4E4D-94CB-72F5C8F73270}.Debug|x86.Build.0 = Debug|Any CPU
		{F1E98B4D-7386-4E4D-94CB-72F5C8F73270}.Release|Any CPU.ActiveCfg = Release|Any CPU
		{F1E98B4D-7386-4E4D-94CB-72F5C8F73270}.Release|Any CPU.Build.0 = Release|Any CPU
		{F1E98B4D-7386-4E4D-94CB-72F5C8F73270}.Release|x64.ActiveCfg = Release|Any CPU
		{F1E98B4D-7386-4E4D-94CB-72F5C8F73270}.Release|x64.Build.0 = Release|Any CPU
		{F1E98B4D-7386-4E4D-94CB-72F5C8F73270}.Release|x86.ActiveCfg = Release|Any CPU
		{F1E98B4D-7386-4E4D-94CB-72F5C8F73270}.Release|x86.Build.0 = Release|Any CPU
		{B05F3D44-52D4-4112-8BA2-05D53BF3D112}.Debug|Any CPU.ActiveCfg = Debug|Any CPU
		{B05F3D44-52D4-4112-8BA2-05D53BF3D112}.Debug|Any CPU.Build.0 = Debug|Any CPU
		{B05F3D44-52D4-4112-8BA2-05D53BF3D112}.Debug|x64.ActiveCfg = Debug|Any CPU
		{B05F3D44-52D4-4112-8BA2-05D53BF3D112}.Debug|x64.Build.0 = Debug|Any CPU
		{B05F3D44-52D4-4112-8BA2-05D53BF3D112}.Debug|x86.ActiveCfg = Debug|Any CPU
		{B05F3D44-52D4-4112-8BA2-05D53BF3D112}.Debug|x86.Build.0 = Debug|Any CPU
		{B05F3D44-52D4-4112-8BA2-05D53BF3D112}.Release|Any CPU.ActiveCfg = Release|Any CPU
		{B05F3D44-52D4-4112-8BA2-05D53BF3D112}.Release|Any CPU.Build.0 = Release|Any CPU
		{B05F3D44-52D4-4112-8BA2-05D53BF3D112}.Release|x64.ActiveCfg = Release|Any CPU
		{B05F3D44-52D4-4112-8BA2-05D53BF3D112}.Release|x64.Build.0 = Release|Any CPU
		{B05F3D44-52D4-4112-8BA2-05D53BF3D112}.Release|x86.ActiveCfg = Release|Any CPU
		{B05F3D44-52D4-4112-8BA2-05D53BF3D112}.Release|x86.Build.0 = Release|Any CPU
		{22D2492E-1A19-460A-BCA7-CDE71067C346}.Debug|Any CPU.ActiveCfg = Debug|Any CPU
		{22D2492E-1A19-460A-BCA7-CDE71067C346}.Debug|Any CPU.Build.0 = Debug|Any CPU
		{22D2492E-1A19-460A-BCA7-CDE71067C346}.Debug|x64.ActiveCfg = Debug|Any CPU
		{22D2492E-1A19-460A-BCA7-CDE71067C346}.Debug|x64.Build.0 = Debug|Any CPU
		{22D2492E-1A19-460A-BCA7-CDE71067C346}.Debug|x86.ActiveCfg = Debug|Any CPU
		{22D2492E-1A19-460A-BCA7-CDE71067C346}.Debug|x86.Build.0 = Debug|Any CPU
		{22D2492E-1A19-460A-BCA7-CDE71067C346}.Release|Any CPU.ActiveCfg = Release|Any CPU
		{22D2492E-1A19-460A-BCA7-CDE71067C346}.Release|Any CPU.Build.0 = Release|Any CPU
		{22D2492E-1A19-460A-BCA7-CDE71067C346}.Release|x64.ActiveCfg = Release|Any CPU
		{22D2492E-1A19-460A-BCA7-CDE71067C346}.Release|x64.Build.0 = Release|Any CPU
		{22D2492E-1A19-460A-BCA7-CDE71067C346}.Release|x86.ActiveCfg = Release|Any CPU
		{22D2492E-1A19-460A-BCA7-CDE71067C346}.Release|x86.Build.0 = Release|Any CPU
		{D8C7F89A-BDD9-4FA7-9891-D037D3922DA9}.Debug|Any CPU.ActiveCfg = Debug|Any CPU
		{D8C7F89A-BDD9-4FA7-9891-D037D3922DA9}.Debug|Any CPU.Build.0 = Debug|Any CPU
		{D8C7F89A-BDD9-4FA7-9891-D037D3922DA9}.Debug|x64.ActiveCfg = Debug|Any CPU
		{D8C7F89A-BDD9-4FA7-9891-D037D3922DA9}.Debug|x64.Build.0 = Debug|Any CPU
		{D8C7F89A-BDD9-4FA7-9891-D037D3922DA9}.Debug|x86.ActiveCfg = Debug|Any CPU
		{D8C7F89A-BDD9-4FA7-9891-D037D3922DA9}.Debug|x86.Build.0 = Debug|Any CPU
		{D8C7F89A-BDD9-4FA7-9891-D037D3922DA9}.Release|Any CPU.ActiveCfg = Release|Any CPU
		{D8C7F89A-BDD9-4FA7-9891-D037D3922DA9}.Release|Any CPU.Build.0 = Release|Any CPU
		{D8C7F89A-BDD9-4FA7-9891-D037D3922DA9}.Release|x64.ActiveCfg = Release|Any CPU
		{D8C7F89A-BDD9-4FA7-9891-D037D3922DA9}.Release|x64.Build.0 = Release|Any CPU
		{D8C7F89A-BDD9-4FA7-9891-D037D3922DA9}.Release|x86.ActiveCfg = Release|Any CPU
		{D8C7F89A-BDD9-4FA7-9891-D037D3922DA9}.Release|x86.Build.0 = Release|Any CPU
		{49C5C913-81A1-4584-AA86-5D7B2D36CF44}.Debug|Any CPU.ActiveCfg = Debug|Any CPU
		{49C5C913-81A1-4584-AA86-5D7B2D36CF44}.Debug|Any CPU.Build.0 = Debug|Any CPU
		{49C5C913-81A1-4584-AA86-5D7B2D36CF44}.Debug|x64.ActiveCfg = Debug|Any CPU
		{49C5C913-81A1-4584-AA86-5D7B2D36CF44}.Debug|x64.Build.0 = Debug|Any CPU
		{49C5C913-81A1-4584-AA86-5D7B2D36CF44}.Debug|x86.ActiveCfg = Debug|Any CPU
		{49C5C913-81A1-4584-AA86-5D7B2D36CF44}.Debug|x86.Build.0 = Debug|Any CPU
		{49C5C913-81A1-4584-AA86-5D7B2D36CF44}.Release|Any CPU.ActiveCfg = Release|Any CPU
		{49C5C913-81A1-4584-AA86-5D7B2D36CF44}.Release|Any CPU.Build.0 = Release|Any CPU
		{49C5C913-81A1-4584-AA86-5D7B2D36CF44}.Release|x64.ActiveCfg = Release|Any CPU
		{49C5C913-81A1-4584-AA86-5D7B2D36CF44}.Release|x64.Build.0 = Release|Any CPU
		{49C5C913-81A1-4584-AA86-5D7B2D36CF44}.Release|x86.ActiveCfg = Release|Any CPU
		{49C5C913-81A1-4584-AA86-5D7B2D36CF44}.Release|x86.Build.0 = Release|Any CPU
		{821A7F01-16F5-464E-9907-6554B083D108}.Debug|Any CPU.ActiveCfg = Debug|Any CPU
		{821A7F01-16F5-464E-9907-6554B083D108}.Debug|Any CPU.Build.0 = Debug|Any CPU
		{821A7F01-16F5-464E-9907-6554B083D108}.Debug|x64.ActiveCfg = Debug|Any CPU
		{821A7F01-16F5-464E-9907-6554B083D108}.Debug|x64.Build.0 = Debug|Any CPU
		{821A7F01-16F5-464E-9907-6554B083D108}.Debug|x86.ActiveCfg = Debug|Any CPU
		{821A7F01-16F5-464E-9907-6554B083D108}.Debug|x86.Build.0 = Debug|Any CPU
		{821A7F01-16F5-464E-9907-6554B083D108}.Release|Any CPU.ActiveCfg = Release|Any CPU
		{821A7F01-16F5-464E-9907-6554B083D108}.Release|Any CPU.Build.0 = Release|Any CPU
		{821A7F01-16F5-464E-9907-6554B083D108}.Release|x64.ActiveCfg = Release|Any CPU
		{821A7F01-16F5-464E-9907-6554B083D108}.Release|x64.Build.0 = Release|Any CPU
		{821A7F01-16F5-464E-9907-6554B083D108}.Release|x86.ActiveCfg = Release|Any CPU
		{821A7F01-16F5-464E-9907-6554B083D108}.Release|x86.Build.0 = Release|Any CPU
	EndGlobalSection
	GlobalSection(NestedProjects) = preSolution
		{DC956029-CD9B-41FF-A072-A7592F018287} = {D7A215E1-FAC4-47AB-B8AE-0F2A79DBD716}
		{E8EB621E-F42A-43CA-9B52-0B014EDEB8DE} = {D7A215E1-FAC4-47AB-B8AE-0F2A79DBD716}
		{E48818CE-8101-4C2F-8050-3640D5FDC9EA} = {D7A215E1-FAC4-47AB-B8AE-0F2A79DBD716}
		{543D78EA-0896-4232-8B1F-6AD4C0616A12} = {D7A215E1-FAC4-47AB-B8AE-0F2A79DBD716}
		{8FF8AD15-D2FC-43DB-8588-D24178C01037} = {D7A215E1-FAC4-47AB-B8AE-0F2A79DBD716}
		{8203FABA-D1A3-4202-96F0-445FD22E257B} = {6AD33135-5BF9-4BEA-B0B7-2C69F1A46D88}
		{0C524993-5FF2-43E0-B377-ABE9A67D136F} = {6AD33135-5BF9-4BEA-B0B7-2C69F1A46D88}
		{C20FF312-D8FF-4CAF-9ABC-7E46420DCC76} = {6AD33135-5BF9-4BEA-B0B7-2C69F1A46D88}
		{1FE00933-B851-40E4-8187-B705288313B9} = {6AD33135-5BF9-4BEA-B0B7-2C69F1A46D88}
		{5DBDD01F-E6A9-4AE1-9509-BA7ED6D31FBB} = {6AD33135-5BF9-4BEA-B0B7-2C69F1A46D88}
		{21558258-DF09-4CD7-AE01-37AE13FFC7DD} = {5F1C7CC5-BA41-4D35-8625-7E8937E3CFA0}
		{810D4256-3EC5-4D91-9F82-B5EFA84FC7FE} = {5F1C7CC5-BA41-4D35-8625-7E8937E3CFA0}
		{AA752972-A9DD-4BF1-BA8C-0D3B0709A20B} = {5F1C7CC5-BA41-4D35-8625-7E8937E3CFA0}
		{B2C0F386-1238-4194-8396-9735F5DE9267} = {5F1C7CC5-BA41-4D35-8625-7E8937E3CFA0}
		{F1E98B4D-7386-4E4D-94CB-72F5C8F73270} = {5F1C7CC5-BA41-4D35-8625-7E8937E3CFA0}
		{B05F3D44-52D4-4112-8BA2-05D53BF3D112} = {ADB01CB0-D14C-4500-900C-C5D90E75FF3D}
		{22D2492E-1A19-460A-BCA7-CDE71067C346} = {ADB01CB0-D14C-4500-900C-C5D90E75FF3D}
		{D8C7F89A-BDD9-4FA7-9891-D037D3922DA9} = {ADB01CB0-D14C-4500-900C-C5D90E75FF3D}
		{49C5C913-81A1-4584-AA86-5D7B2D36CF44} = {ADB01CB0-D14C-4500-900C-C5D90E75FF3D}
		{821A7F01-16F5-464E-9907-6554B083D108} = {ADB01CB0-D14C-4500-900C-C5D90E75FF3D}
	EndGlobalSection
EndGlobal
