
Microsoft Visual Studio Solution File, Format Version 12.00
# Visual Studio 15
VisualStudioVersion = 15.0.26124.0
MinimumVisualStudioVersion = 15.0.26124.0
Project("{2150E333-8FDC-42A3-9474-1A3956D46DE8}") = "Services", "Services", "{63C0D632-D5AD-4D65-99CC-44E049A19EA1}"
EndProject
Project("{FAE04EC0-301F-11D3-BF4B-00C04F79EFBC}") = "Core", "Services\Core\Core.csproj", "{DCAA6C59-E7AE-4F33-888D-DF50ABEB928C}"
EndProject
Project("{2150E333-8FDC-42A3-9474-1A3956D46DE8}") = "Dispatching", "Dispatching", "{6C4A473F-B9C5-4EAE-8D3E-8ABF1B6849A3}"
EndProject
Project("{FAE04EC0-301F-11D3-BF4B-00C04F79EFBC}") = "Dispatching.API", "Services\Dispatching\Dispatching.API\Dispatching.API.csproj", "{5BCEA708-0626-4941-BA46-27B27CB3058F}"
EndProject
Project("{FAE04EC0-301F-11D3-BF4B-00C04F79EFBC}") = "Dispatching.Application", "Services\Dispatching\Dispatching.Application\Dispatching.Application.csproj", "{3784454A-57F1-445E-A209-C5ADFB7EEC0B}"
EndProject
Project("{FAE04EC0-301F-11D3-BF4B-00C04F79EFBC}") = "Dispatching.Domain", "Services\Dispatching\Dispatching.Domain\Dispatching.Domain.csproj", "{EEE9834E-0DFF-45B5-A77F-082AAC7C9F78}"
EndProject
Project("{FAE04EC0-301F-11D3-BF4B-00C04F79EFBC}") = "Dispatching.Infrastructure", "Services\Dispatching\Dispatching.Infrastructure\Dispatching.Infrastructure.csproj", "{04DA5B19-246D-4D97-8E2C-F0FF99049C03}"
EndProject
Project("{FAE04EC0-301F-11D3-BF4B-00C04F79EFBC}") = "Dispatching.UnitTests", "Services\Dispatching\Dispatching.UnitTests\Dispatching.UnitTests.csproj", "{9879CB50-FD66-4977-952B-34C9EBE04542}"
EndProject
Project("{2150E333-8FDC-42A3-9474-1A3956D46DE8}") = "Hauling", "Hauling", "{2A0A4106-252C-4C70-8C2C-B4B20BCBAC14}"
EndProject
Project("{FAE04EC0-301F-11D3-BF4B-00C04F79EFBC}") = "Hauling.API", "Services\Hauling\Hauling.API\Hauling.API.csproj", "{06C1B0F3-F25D-4CCA-9575-47A28DBEB166}"
EndProject
Project("{FAE04EC0-301F-11D3-BF4B-00C04F79EFBC}") = "Hauling.Application", "Services\Hauling\Hauling.Application\Hauling.Application.csproj", "{ABEF52F5-0F3A-4E95-BE07-D5CCF0F86920}"
EndProject
Project("{FAE04EC0-301F-11D3-BF4B-00C04F79EFBC}") = "Hauling.Domain", "Services\Hauling\Hauling.Domain\Hauling.Domain.csproj", "{E208A7E6-5D08-46CB-88B1-B0382D1B9CE3}"
EndProject
Project("{FAE04EC0-301F-11D3-BF4B-00C04F79EFBC}") = "Hauling.Infrastructure", "Services\Hauling\Hauling.Infrastructure\Hauling.Infrastructure.csproj", "{22707898-B67F-458B-BF1F-610B531A5D76}"
EndProject
Project("{FAE04EC0-301F-11D3-BF4B-00C04F79EFBC}") = "Hauling.UnitTests", "Services\Hauling\Hauling.UnitTests\Hauling.UnitTests.csproj", "{CDF0D802-3697-4C4C-AB39-8F40FF4B4D53}"
EndProject
Project("{2150E333-8FDC-42A3-9474-1A3956D46DE8}") = "Ordering", "Ordering", "{AB687221-632E-4588-85A5-5EED160A9789}"
EndProject
Project("{FAE04EC0-301F-11D3-BF4B-00C04F79EFBC}") = "Ordering.API", "Services\Ordering\Ordering.API\Ordering.API.csproj", "{06BD1DC7-053F-4250-A125-225D4E1F8047}"
EndProject
Project("{FAE04EC0-301F-11D3-BF4B-00C04F79EFBC}") = "Ordering.Application", "Services\Ordering\Ordering.Application\Ordering.Application.csproj", "{3E35D16D-62FD-4E3B-BEC2-1988FD5249A1}"
EndProject
Project("{FAE04EC0-301F-11D3-BF4B-00C04F79EFBC}") = "Ordering.Domain", "Services\Ordering\Ordering.Domain\Ordering.Domain.csproj", "{B2B60A1B-3261-4770-982E-DB263DD70E21}"
EndProject
Project("{FAE04EC0-301F-11D3-BF4B-00C04F79EFBC}") = "Ordering.Infrastructure", "Services\Ordering\Ordering.Infrastructure\Ordering.Infrastructure.csproj", "{5EA4828B-E797-4EA6-A542-0C0852AC7B4E}"
EndProject
Project("{FAE04EC0-301F-11D3-BF4B-00C04F79EFBC}") = "Ordering.UnitTests", "Services\Ordering\Ordering.UnitTests\Ordering.UnitTests.csproj", "{6C2E2421-7405-46D1-9204-6527FFE8D603}"
EndProject
Project("{2150E333-8FDC-42A3-9474-1A3956D46DE8}") = "Payments", "Payments", "{CE493A66-F2C2-4D9A-919A-ADB8C1C07439}"
EndProject
Project("{FAE04EC0-301F-11D3-BF4B-00C04F79EFBC}") = "Payments.API", "Services\Payments\Payments.API\Payments.API.csproj", "{2EF4E332-509E-458A-A763-36529601B283}"
EndProject
Project("{FAE04EC0-301F-11D3-BF4B-00C04F79EFBC}") = "Payments.Application", "Services\Payments\Payments.Application\Payments.Application.csproj", "{FAD6E591-C927-4B1F-AD2B-2924923B6379}"
EndProject
Project("{FAE04EC0-301F-11D3-BF4B-00C04F79EFBC}") = "Payments.Domain", "Services\Payments\Payments.Domain\Payments.Domain.csproj", "{B8F30C3F-2EF6-47B5-8237-D1ED3D4411F9}"
EndProject
Project("{FAE04EC0-301F-11D3-BF4B-00C04F79EFBC}") = "Payments.Infrastructure", "Services\Payments\Payments.Infrastructure\Payments.Infrastructure.csproj", "{8EA04D56-895D-4146-BB4A-B218C8BB64BC}"
EndProject
Project("{FAE04EC0-301F-11D3-BF4B-00C04F79EFBC}") = "Payments.UnitTests", "Services\Payments\Payments.UnitTests\Payments.UnitTests.csproj", "{3E38D6BF-3BCD-4D14-85A1-F9EC3C52F8D9}"
EndProject
Project("{2150E333-8FDC-42A3-9474-1A3956D46DE8}") = "Vendors", "Vendors", "{665069DF-8FC1-4F61-9D6F-717B81507918}"
EndProject
Project("{FAE04EC0-301F-11D3-BF4B-00C04F79EFBC}") = "Vendors.API", "Services\Vendors\Vendors.API\Vendors.API.csproj", "{7FA3C2C8-63CE-4954-B021-F71702B3DA68}"
EndProject
Project("{FAE04EC0-301F-11D3-BF4B-00C04F79EFBC}") = "Vendors.Application", "Services\Vendors\Vendors.Application\Vendors.Application.csproj", "{05A89CB8-F719-4211-84D0-04F3FE370A39}"
EndProject
Project("{FAE04EC0-301F-11D3-BF4B-00C04F79EFBC}") = "Vendors.Domain", "Services\Vendors\Vendors.Domain\Vendors.Domain.csproj", "{42A6FFB1-E947-438D-B1D9-42E79035569E}"
EndProject
Project("{FAE04EC0-301F-11D3-BF4B-00C04F79EFBC}") = "Vendors.Infrastructure", "Services\Vendors\Vendors.Infrastructure\Vendors.Infrastructure.csproj", "{0620E642-398F-4A7B-9BA6-2C45BE1BD298}"
EndProject
Project("{FAE04EC0-301F-11D3-BF4B-00C04F79EFBC}") = "Vendors.UnitTests", "Services\Vendors\Vendors.UnitTests\Vendors.UnitTests.csproj", "{2D8D1BFD-3FBB-4EA8-A359-FA8675400628}"
EndProject
Global
	GlobalSection(SolutionConfigurationPlatforms) = preSolution
		Debug|Any CPU = Debug|Any CPU
		Debug|x64 = Debug|x64
		Debug|x86 = Debug|x86
		Release|Any CPU = Release|Any CPU
		Release|x64 = Release|x64
		Release|x86 = Release|x86
	EndGlobalSection
	GlobalSection(SolutionProperties) = preSolution
		HideSolutionNode = FALSE
	EndGlobalSection
	GlobalSection(ProjectConfigurationPlatforms) = postSolution
		{DCAA6C59-E7AE-4F33-888D-DF50ABEB928C}.Debug|Any CPU.ActiveCfg = Debug|Any CPU
		{DCAA6C59-E7AE-4F33-888D-DF50ABEB928C}.Debug|Any CPU.Build.0 = Debug|Any CPU
		{DCAA6C59-E7AE-4F33-888D-DF50ABEB928C}.Debug|x64.ActiveCfg = Debug|Any CPU
		{DCAA6C59-E7AE-4F33-888D-DF50ABEB928C}.Debug|x64.Build.0 = Debug|Any CPU
		{DCAA6C59-E7AE-4F33-888D-DF50ABEB928C}.Debug|x86.ActiveCfg = Debug|Any CPU
		{DCAA6C59-E7AE-4F33-888D-DF50ABEB928C}.Debug|x86.Build.0 = Debug|Any CPU
		{DCAA6C59-E7AE-4F33-888D-DF50ABEB928C}.Release|Any CPU.ActiveCfg = Release|Any CPU
		{DCAA6C59-E7AE-4F33-888D-DF50ABEB928C}.Release|Any CPU.Build.0 = Release|Any CPU
		{DCAA6C59-E7AE-4F33-888D-DF50ABEB928C}.Release|x64.ActiveCfg = Release|Any CPU
		{DCAA6C59-E7AE-4F33-888D-DF50ABEB928C}.Release|x64.Build.0 = Release|Any CPU
		{DCAA6C59-E7AE-4F33-888D-DF50ABEB928C}.Release|x86.ActiveCfg = Release|Any CPU
		{DCAA6C59-E7AE-4F33-888D-DF50ABEB928C}.Release|x86.Build.0 = Release|Any CPU
		{5BCEA708-0626-4941-BA46-27B27CB3058F}.Debug|Any CPU.ActiveCfg = Debug|Any CPU
		{5BCEA708-0626-4941-BA46-27B27CB3058F}.Debug|Any CPU.Build.0 = Debug|Any CPU
		{5BCEA708-0626-4941-BA46-27B27CB3058F}.Debug|x64.ActiveCfg = Debug|Any CPU
		{5BCEA708-0626-4941-BA46-27B27CB3058F}.Debug|x64.Build.0 = Debug|Any CPU
		{5BCEA708-0626-4941-BA46-27B27CB3058F}.Debug|x86.ActiveCfg = Debug|Any CPU
		{5BCEA708-0626-4941-BA46-27B27CB3058F}.Debug|x86.Build.0 = Debug|Any CPU
		{5BCEA708-0626-4941-BA46-27B27CB3058F}.Release|Any CPU.ActiveCfg = Release|Any CPU
		{5BCEA708-0626-4941-BA46-27B27CB3058F}.Release|Any CPU.Build.0 = Release|Any CPU
		{5BCEA708-0626-4941-BA46-27B27CB3058F}.Release|x64.ActiveCfg = Release|Any CPU
		{5BCEA708-0626-4941-BA46-27B27CB3058F}.Release|x64.Build.0 = Release|Any CPU
		{5BCEA708-0626-4941-BA46-27B27CB3058F}.Release|x86.ActiveCfg = Release|Any CPU
		{5BCEA708-0626-4941-BA46-27B27CB3058F}.Release|x86.Build.0 = Release|Any CPU
		{3784454A-57F1-445E-A209-C5ADFB7EEC0B}.Debug|Any CPU.ActiveCfg = Debug|Any CPU
		{3784454A-57F1-445E-A209-C5ADFB7EEC0B}.Debug|Any CPU.Build.0 = Debug|Any CPU
		{3784454A-57F1-445E-A209-C5ADFB7EEC0B}.Debug|x64.ActiveCfg = Debug|Any CPU
		{3784454A-57F1-445E-A209-C5ADFB7EEC0B}.Debug|x64.Build.0 = Debug|Any CPU
		{3784454A-57F1-445E-A209-C5ADFB7EEC0B}.Debug|x86.ActiveCfg = Debug|Any CPU
		{3784454A-57F1-445E-A209-C5ADFB7EEC0B}.Debug|x86.Build.0 = Debug|Any CPU
		{3784454A-57F1-445E-A209-C5ADFB7EEC0B}.Release|Any CPU.ActiveCfg = Release|Any CPU
		{3784454A-57F1-445E-A209-C5ADFB7EEC0B}.Release|Any CPU.Build.0 = Release|Any CPU
		{3784454A-57F1-445E-A209-C5ADFB7EEC0B}.Release|x64.ActiveCfg = Release|Any CPU
		{3784454A-57F1-445E-A209-C5ADFB7EEC0B}.Release|x64.Build.0 = Release|Any CPU
		{3784454A-57F1-445E-A209-C5ADFB7EEC0B}.Release|x86.ActiveCfg = Release|Any CPU
		{3784454A-57F1-445E-A209-C5ADFB7EEC0B}.Release|x86.Build.0 = Release|Any CPU
		{EEE9834E-0DFF-45B5-A77F-082AAC7C9F78}.Debug|Any CPU.ActiveCfg = Debug|Any CPU
		{EEE9834E-0DFF-45B5-A77F-082AAC7C9F78}.Debug|Any CPU.Build.0 = Debug|Any CPU
		{EEE9834E-0DFF-45B5-A77F-082AAC7C9F78}.Debug|x64.ActiveCfg = Debug|Any CPU
		{EEE9834E-0DFF-45B5-A77F-082AAC7C9F78}.Debug|x64.Build.0 = Debug|Any CPU
		{EEE9834E-0DFF-45B5-A77F-082AAC7C9F78}.Debug|x86.ActiveCfg = Debug|Any CPU
		{EEE9834E-0DFF-45B5-A77F-082AAC7C9F78}.Debug|x86.Build.0 = Debug|Any CPU
		{EEE9834E-0DFF-45B5-A77F-082AAC7C9F78}.Release|Any CPU.ActiveCfg = Release|Any CPU
		{EEE9834E-0DFF-45B5-A77F-082AAC7C9F78}.Release|Any CPU.Build.0 = Release|Any CPU
		{EEE9834E-0DFF-45B5-A77F-082AAC7C9F78}.Release|x64.ActiveCfg = Release|Any CPU
		{EEE9834E-0DFF-45B5-A77F-082AAC7C9F78}.Release|x64.Build.0 = Release|Any CPU
		{EEE9834E-0DFF-45B5-A77F-082AAC7C9F78}.Release|x86.ActiveCfg = Release|Any CPU
		{EEE9834E-0DFF-45B5-A77F-082AAC7C9F78}.Release|x86.Build.0 = Release|Any CPU
		{04DA5B19-246D-4D97-8E2C-F0FF99049C03}.Debug|Any CPU.ActiveCfg = Debug|Any CPU
		{04DA5B19-246D-4D97-8E2C-F0FF99049C03}.Debug|Any CPU.Build.0 = Debug|Any CPU
		{04DA5B19-246D-4D97-8E2C-F0FF99049C03}.Debug|x64.ActiveCfg = Debug|Any CPU
		{04DA5B19-246D-4D97-8E2C-F0FF99049C03}.Debug|x64.Build.0 = Debug|Any CPU
		{04DA5B19-246D-4D97-8E2C-F0FF99049C03}.Debug|x86.ActiveCfg = Debug|Any CPU
		{04DA5B19-246D-4D97-8E2C-F0FF99049C03}.Debug|x86.Build.0 = Debug|Any CPU
		{04DA5B19-246D-4D97-8E2C-F0FF99049C03}.Release|Any CPU.ActiveCfg = Release|Any CPU
		{04DA5B19-246D-4D97-8E2C-F0FF99049C03}.Release|Any CPU.Build.0 = Release|Any CPU
		{04DA5B19-246D-4D97-8E2C-F0FF99049C03}.Release|x64.ActiveCfg = Release|Any CPU
		{04DA5B19-246D-4D97-8E2C-F0FF99049C03}.Release|x64.Build.0 = Release|Any CPU
		{04DA5B19-246D-4D97-8E2C-F0FF99049C03}.Release|x86.ActiveCfg = Release|Any CPU
		{04DA5B19-246D-4D97-8E2C-F0FF99049C03}.Release|x86.Build.0 = Release|Any CPU
		{9879CB50-FD66-4977-952B-34C9EBE04542}.Debug|Any CPU.ActiveCfg = Debug|Any CPU
		{9879CB50-FD66-4977-952B-34C9EBE04542}.Debug|Any CPU.Build.0 = Debug|Any CPU
		{9879CB50-FD66-4977-952B-34C9EBE04542}.Debug|x64.ActiveCfg = Debug|Any CPU
		{9879CB50-FD66-4977-952B-34C9EBE04542}.Debug|x64.Build.0 = Debug|Any CPU
		{9879CB50-FD66-4977-952B-34C9EBE04542}.Debug|x86.ActiveCfg = Debug|Any CPU
		{9879CB50-FD66-4977-952B-34C9EBE04542}.Debug|x86.Build.0 = Debug|Any CPU
		{9879CB50-FD66-4977-952B-34C9EBE04542}.Release|Any CPU.ActiveCfg = Release|Any CPU
		{9879CB50-FD66-4977-952B-34C9EBE04542}.Release|Any CPU.Build.0 = Release|Any CPU
		{9879CB50-FD66-4977-952B-34C9EBE04542}.Release|x64.ActiveCfg = Release|Any CPU
		{9879CB50-FD66-4977-952B-34C9EBE04542}.Release|x64.Build.0 = Release|Any CPU
		{9879CB50-FD66-4977-952B-34C9EBE04542}.Release|x86.ActiveCfg = Release|Any CPU
		{9879CB50-FD66-4977-952B-34C9EBE04542}.Release|x86.Build.0 = Release|Any CPU
		{06C1B0F3-F25D-4CCA-9575-47A28DBEB166}.Debug|Any CPU.ActiveCfg = Debug|Any CPU
		{06C1B0F3-F25D-4CCA-9575-47A28DBEB166}.Debug|Any CPU.Build.0 = Debug|Any CPU
		{06C1B0F3-F25D-4CCA-9575-47A28DBEB166}.Debug|x64.ActiveCfg = Debug|Any CPU
		{06C1B0F3-F25D-4CCA-9575-47A28DBEB166}.Debug|x64.Build.0 = Debug|Any CPU
		{06C1B0F3-F25D-4CCA-9575-47A28DBEB166}.Debug|x86.ActiveCfg = Debug|Any CPU
		{06C1B0F3-F25D-4CCA-9575-47A28DBEB166}.Debug|x86.Build.0 = Debug|Any CPU
		{06C1B0F3-F25D-4CCA-9575-47A28DBEB166}.Release|Any CPU.ActiveCfg = Release|Any CPU
		{06C1B0F3-F25D-4CCA-9575-47A28DBEB166}.Release|Any CPU.Build.0 = Release|Any CPU
		{06C1B0F3-F25D-4CCA-9575-47A28DBEB166}.Release|x64.ActiveCfg = Release|Any CPU
		{06C1B0F3-F25D-4CCA-9575-47A28DBEB166}.Release|x64.Build.0 = Release|Any CPU
		{06C1B0F3-F25D-4CCA-9575-47A28DBEB166}.Release|x86.ActiveCfg = Release|Any CPU
		{06C1B0F3-F25D-4CCA-9575-47A28DBEB166}.Release|x86.Build.0 = Release|Any CPU
		{ABEF52F5-0F3A-4E95-BE07-D5CCF0F86920}.Debug|Any CPU.ActiveCfg = Debug|Any CPU
		{ABEF52F5-0F3A-4E95-BE07-D5CCF0F86920}.Debug|Any CPU.Build.0 = Debug|Any CPU
		{ABEF52F5-0F3A-4E95-BE07-D5CCF0F86920}.Debug|x64.ActiveCfg = Debug|Any CPU
		{ABEF52F5-0F3A-4E95-BE07-D5CCF0F86920}.Debug|x64.Build.0 = Debug|Any CPU
		{ABEF52F5-0F3A-4E95-BE07-D5CCF0F86920}.Debug|x86.ActiveCfg = Debug|Any CPU
		{ABEF52F5-0F3A-4E95-BE07-D5CCF0F86920}.Debug|x86.Build.0 = Debug|Any CPU
		{ABEF52F5-0F3A-4E95-BE07-D5CCF0F86920}.Release|Any CPU.ActiveCfg = Release|Any CPU
		{ABEF52F5-0F3A-4E95-BE07-D5CCF0F86920}.Release|Any CPU.Build.0 = Release|Any CPU
		{ABEF52F5-0F3A-4E95-BE07-D5CCF0F86920}.Release|x64.ActiveCfg = Release|Any CPU
		{ABEF52F5-0F3A-4E95-BE07-D5CCF0F86920}.Release|x64.Build.0 = Release|Any CPU
		{ABEF52F5-0F3A-4E95-BE07-D5CCF0F86920}.Release|x86.ActiveCfg = Release|Any CPU
		{ABEF52F5-0F3A-4E95-BE07-D5CCF0F86920}.Release|x86.Build.0 = Release|Any CPU
		{E208A7E6-5D08-46CB-88B1-B0382D1B9CE3}.Debug|Any CPU.ActiveCfg = Debug|Any CPU
		{E208A7E6-5D08-46CB-88B1-B0382D1B9CE3}.Debug|Any CPU.Build.0 = Debug|Any CPU
		{E208A7E6-5D08-46CB-88B1-B0382D1B9CE3}.Debug|x64.ActiveCfg = Debug|Any CPU
		{E208A7E6-5D08-46CB-88B1-B0382D1B9CE3}.Debug|x64.Build.0 = Debug|Any CPU
		{E208A7E6-5D08-46CB-88B1-B0382D1B9CE3}.Debug|x86.ActiveCfg = Debug|Any CPU
		{E208A7E6-5D08-46CB-88B1-B0382D1B9CE3}.Debug|x86.Build.0 = Debug|Any CPU
		{E208A7E6-5D08-46CB-88B1-B0382D1B9CE3}.Release|Any CPU.ActiveCfg = Release|Any CPU
		{E208A7E6-5D08-46CB-88B1-B0382D1B9CE3}.Release|Any CPU.Build.0 = Release|Any CPU
		{E208A7E6-5D08-46CB-88B1-B0382D1B9CE3}.Release|x64.ActiveCfg = Release|Any CPU
		{E208A7E6-5D08-46CB-88B1-B0382D1B9CE3}.Release|x64.Build.0 = Release|Any CPU
		{E208A7E6-5D08-46CB-88B1-B0382D1B9CE3}.Release|x86.ActiveCfg = Release|Any CPU
		{E208A7E6-5D08-46CB-88B1-B0382D1B9CE3}.Release|x86.Build.0 = Release|Any CPU
		{22707898-B67F-458B-BF1F-610B531A5D76}.Debug|Any CPU.ActiveCfg = Debug|Any CPU
		{22707898-B67F-458B-BF1F-610B531A5D76}.Debug|Any CPU.Build.0 = Debug|Any CPU
		{22707898-B67F-458B-BF1F-610B531A5D76}.Debug|x64.ActiveCfg = Debug|Any CPU
		{22707898-B67F-458B-BF1F-610B531A5D76}.Debug|x64.Build.0 = Debug|Any CPU
		{22707898-B67F-458B-BF1F-610B531A5D76}.Debug|x86.ActiveCfg = Debug|Any CPU
		{22707898-B67F-458B-BF1F-610B531A5D76}.Debug|x86.Build.0 = Debug|Any CPU
		{22707898-B67F-458B-BF1F-610B531A5D76}.Release|Any CPU.ActiveCfg = Release|Any CPU
		{22707898-B67F-458B-BF1F-610B531A5D76}.Release|Any CPU.Build.0 = Release|Any CPU
		{22707898-B67F-458B-BF1F-610B531A5D76}.Release|x64.ActiveCfg = Release|Any CPU
		{22707898-B67F-458B-BF1F-610B531A5D76}.Release|x64.Build.0 = Release|Any CPU
		{22707898-B67F-458B-BF1F-610B531A5D76}.Release|x86.ActiveCfg = Release|Any CPU
		{22707898-B67F-458B-BF1F-610B531A5D76}.Release|x86.Build.0 = Release|Any CPU
		{CDF0D802-3697-4C4C-AB39-8F40FF4B4D53}.Debug|Any CPU.ActiveCfg = Debug|Any CPU
		{CDF0D802-3697-4C4C-AB39-8F40FF4B4D53}.Debug|Any CPU.Build.0 = Debug|Any CPU
		{CDF0D802-3697-4C4C-AB39-8F40FF4B4D53}.Debug|x64.ActiveCfg = Debug|Any CPU
		{CDF0D802-3697-4C4C-AB39-8F40FF4B4D53}.Debug|x64.Build.0 = Debug|Any CPU
		{CDF0D802-3697-4C4C-AB39-8F40FF4B4D53}.Debug|x86.ActiveCfg = Debug|Any CPU
		{CDF0D802-3697-4C4C-AB39-8F40FF4B4D53}.Debug|x86.Build.0 = Debug|Any CPU
		{CDF0D802-3697-4C4C-AB39-8F40FF4B4D53}.Release|Any CPU.ActiveCfg = Release|Any CPU
		{CDF0D802-3697-4C4C-AB39-8F40FF4B4D53}.Release|Any CPU.Build.0 = Release|Any CPU
		{CDF0D802-3697-4C4C-AB39-8F40FF4B4D53}.Release|x64.ActiveCfg = Release|Any CPU
		{CDF0D802-3697-4C4C-AB39-8F40FF4B4D53}.Release|x64.Build.0 = Release|Any CPU
		{CDF0D802-3697-4C4C-AB39-8F40FF4B4D53}.Release|x86.ActiveCfg = Release|Any CPU
		{CDF0D802-3697-4C4C-AB39-8F40FF4B4D53}.Release|x86.Build.0 = Release|Any CPU
		{06BD1DC7-053F-4250-A125-225D4E1F8047}.Debug|Any CPU.ActiveCfg = Debug|Any CPU
		{06BD1DC7-053F-4250-A125-225D4E1F8047}.Debug|Any CPU.Build.0 = Debug|Any CPU
		{06BD1DC7-053F-4250-A125-225D4E1F8047}.Debug|x64.ActiveCfg = Debug|Any CPU
		{06BD1DC7-053F-4250-A125-225D4E1F8047}.Debug|x64.Build.0 = Debug|Any CPU
		{06BD1DC7-053F-4250-A125-225D4E1F8047}.Debug|x86.ActiveCfg = Debug|Any CPU
		{06BD1DC7-053F-4250-A125-225D4E1F8047}.Debug|x86.Build.0 = Debug|Any CPU
		{06BD1DC7-053F-4250-A125-225D4E1F8047}.Release|Any CPU.ActiveCfg = Release|Any CPU
		{06BD1DC7-053F-4250-A125-225D4E1F8047}.Release|Any CPU.Build.0 = Release|Any CPU
		{06BD1DC7-053F-4250-A125-225D4E1F8047}.Release|x64.ActiveCfg = Release|Any CPU
		{06BD1DC7-053F-4250-A125-225D4E1F8047}.Release|x64.Build.0 = Release|Any CPU
		{06BD1DC7-053F-4250-A125-225D4E1F8047}.Release|x86.ActiveCfg = Release|Any CPU
		{06BD1DC7-053F-4250-A125-225D4E1F8047}.Release|x86.Build.0 = Release|Any CPU
		{3E35D16D-62FD-4E3B-BEC2-1988FD5249A1}.Debug|Any CPU.ActiveCfg = Debug|Any CPU
		{3E35D16D-62FD-4E3B-BEC2-1988FD5249A1}.Debug|Any CPU.Build.0 = Debug|Any CPU
		{3E35D16D-62FD-4E3B-BEC2-1988FD5249A1}.Debug|x64.ActiveCfg = Debug|Any CPU
		{3E35D16D-62FD-4E3B-BEC2-1988FD5249A1}.Debug|x64.Build.0 = Debug|Any CPU
		{3E35D16D-62FD-4E3B-BEC2-1988FD5249A1}.Debug|x86.ActiveCfg = Debug|Any CPU
		{3E35D16D-62FD-4E3B-BEC2-1988FD5249A1}.Debug|x86.Build.0 = Debug|Any CPU
		{3E35D16D-62FD-4E3B-BEC2-1988FD5249A1}.Release|Any CPU.ActiveCfg = Release|Any CPU
		{3E35D16D-62FD-4E3B-BEC2-1988FD5249A1}.Release|Any CPU.Build.0 = Release|Any CPU
		{3E35D16D-62FD-4E3B-BEC2-1988FD5249A1}.Release|x64.ActiveCfg = Release|Any CPU
		{3E35D16D-62FD-4E3B-BEC2-1988FD5249A1}.Release|x64.Build.0 = Release|Any CPU
		{3E35D16D-62FD-4E3B-BEC2-1988FD5249A1}.Release|x86.ActiveCfg = Release|Any CPU
		{3E35D16D-62FD-4E3B-BEC2-1988FD5249A1}.Release|x86.Build.0 = Release|Any CPU
		{B2B60A1B-3261-4770-982E-DB263DD70E21}.Debug|Any CPU.ActiveCfg = Debug|Any CPU
		{B2B60A1B-3261-4770-982E-DB263DD70E21}.Debug|Any CPU.Build.0 = Debug|Any CPU
		{B2B60A1B-3261-4770-982E-DB263DD70E21}.Debug|x64.ActiveCfg = Debug|Any CPU
		{B2B60A1B-3261-4770-982E-DB263DD70E21}.Debug|x64.Build.0 = Debug|Any CPU
		{B2B60A1B-3261-4770-982E-DB263DD70E21}.Debug|x86.ActiveCfg = Debug|Any CPU
		{B2B60A1B-3261-4770-982E-DB263DD70E21}.Debug|x86.Build.0 = Debug|Any CPU
		{B2B60A1B-3261-4770-982E-DB263DD70E21}.Release|Any CPU.ActiveCfg = Release|Any CPU
		{B2B60A1B-3261-4770-982E-DB263DD70E21}.Release|Any CPU.Build.0 = Release|Any CPU
		{B2B60A1B-3261-4770-982E-DB263DD70E21}.Release|x64.ActiveCfg = Release|Any CPU
		{B2B60A1B-3261-4770-982E-DB263DD70E21}.Release|x64.Build.0 = Release|Any CPU
		{B2B60A1B-3261-4770-982E-DB263DD70E21}.Release|x86.ActiveCfg = Release|Any CPU
		{B2B60A1B-3261-4770-982E-DB263DD70E21}.Release|x86.Build.0 = Release|Any CPU
		{5EA4828B-E797-4EA6-A542-0C0852AC7B4E}.Debug|Any CPU.ActiveCfg = Debug|Any CPU
		{5EA4828B-E797-4EA6-A542-0C0852AC7B4E}.Debug|Any CPU.Build.0 = Debug|Any CPU
		{5EA4828B-E797-4EA6-A542-0C0852AC7B4E}.Debug|x64.ActiveCfg = Debug|Any CPU
		{5EA4828B-E797-4EA6-A542-0C0852AC7B4E}.Debug|x64.Build.0 = Debug|Any CPU
		{5EA4828B-E797-4EA6-A542-0C0852AC7B4E}.Debug|x86.ActiveCfg = Debug|Any CPU
		{5EA4828B-E797-4EA6-A542-0C0852AC7B4E}.Debug|x86.Build.0 = Debug|Any CPU
		{5EA4828B-E797-4EA6-A542-0C0852AC7B4E}.Release|Any CPU.ActiveCfg = Release|Any CPU
		{5EA4828B-E797-4EA6-A542-0C0852AC7B4E}.Release|Any CPU.Build.0 = Release|Any CPU
		{5EA4828B-E797-4EA6-A542-0C0852AC7B4E}.Release|x64.ActiveCfg = Release|Any CPU
		{5EA4828B-E797-4EA6-A542-0C0852AC7B4E}.Release|x64.Build.0 = Release|Any CPU
		{5EA4828B-E797-4EA6-A542-0C0852AC7B4E}.Release|x86.ActiveCfg = Release|Any CPU
		{5EA4828B-E797-4EA6-A542-0C0852AC7B4E}.Release|x86.Build.0 = Release|Any CPU
		{6C2E2421-7405-46D1-9204-6527FFE8D603}.Debug|Any CPU.ActiveCfg = Debug|Any CPU
		{6C2E2421-7405-46D1-9204-6527FFE8D603}.Debug|Any CPU.Build.0 = Debug|Any CPU
		{6C2E2421-7405-46D1-9204-6527FFE8D603}.Debug|x64.ActiveCfg = Debug|Any CPU
		{6C2E2421-7405-46D1-9204-6527FFE8D603}.Debug|x64.Build.0 = Debug|Any CPU
		{6C2E2421-7405-46D1-9204-6527FFE8D603}.Debug|x86.ActiveCfg = Debug|Any CPU
		{6C2E2421-7405-46D1-9204-6527FFE8D603}.Debug|x86.Build.0 = Debug|Any CPU
		{6C2E2421-7405-46D1-9204-6527FFE8D603}.Release|Any CPU.ActiveCfg = Release|Any CPU
		{6C2E2421-7405-46D1-9204-6527FFE8D603}.Release|Any CPU.Build.0 = Release|Any CPU
		{6C2E2421-7405-46D1-9204-6527FFE8D603}.Release|x64.ActiveCfg = Release|Any CPU
		{6C2E2421-7405-46D1-9204-6527FFE8D603}.Release|x64.Build.0 = Release|Any CPU
		{6C2E2421-7405-46D1-9204-6527FFE8D603}.Release|x86.ActiveCfg = Release|Any CPU
		{6C2E2421-7405-46D1-9204-6527FFE8D603}.Release|x86.Build.0 = Release|Any CPU
		{2EF4E332-509E-458A-A763-36529601B283}.Debug|Any CPU.ActiveCfg = Debug|Any CPU
		{2EF4E332-509E-458A-A763-36529601B283}.Debug|Any CPU.Build.0 = Debug|Any CPU
		{2EF4E332-509E-458A-A763-36529601B283}.Debug|x64.ActiveCfg = Debug|Any CPU
		{2EF4E332-509E-458A-A763-36529601B283}.Debug|x64.Build.0 = Debug|Any CPU
		{2EF4E332-509E-458A-A763-36529601B283}.Debug|x86.ActiveCfg = Debug|Any CPU
		{2EF4E332-509E-458A-A763-36529601B283}.Debug|x86.Build.0 = Debug|Any CPU
		{2EF4E332-509E-458A-A763-36529601B283}.Release|Any CPU.ActiveCfg = Release|Any CPU
		{2EF4E332-509E-458A-A763-36529601B283}.Release|Any CPU.Build.0 = Release|Any CPU
		{2EF4E332-509E-458A-A763-36529601B283}.Release|x64.ActiveCfg = Release|Any CPU
		{2EF4E332-509E-458A-A763-36529601B283}.Release|x64.Build.0 = Release|Any CPU
		{2EF4E332-509E-458A-A763-36529601B283}.Release|x86.ActiveCfg = Release|Any CPU
		{2EF4E332-509E-458A-A763-36529601B283}.Release|x86.Build.0 = Release|Any CPU
		{FAD6E591-C927-4B1F-AD2B-2924923B6379}.Debug|Any CPU.ActiveCfg = Debug|Any CPU
		{FAD6E591-C927-4B1F-AD2B-2924923B6379}.Debug|Any CPU.Build.0 = Debug|Any CPU
		{FAD6E591-C927-4B1F-AD2B-2924923B6379}.Debug|x64.ActiveCfg = Debug|Any CPU
		{FAD6E591-C927-4B1F-AD2B-2924923B6379}.Debug|x64.Build.0 = Debug|Any CPU
		{FAD6E591-C927-4B1F-AD2B-2924923B6379}.Debug|x86.ActiveCfg = Debug|Any CPU
		{FAD6E591-C927-4B1F-AD2B-2924923B6379}.Debug|x86.Build.0 = Debug|Any CPU
		{FAD6E591-C927-4B1F-AD2B-2924923B6379}.Release|Any CPU.ActiveCfg = Release|Any CPU
		{FAD6E591-C927-4B1F-AD2B-2924923B6379}.Release|Any CPU.Build.0 = Release|Any CPU
		{FAD6E591-C927-4B1F-AD2B-2924923B6379}.Release|x64.ActiveCfg = Release|Any CPU
		{FAD6E591-C927-4B1F-AD2B-2924923B6379}.Release|x64.Build.0 = Release|Any CPU
		{FAD6E591-C927-4B1F-AD2B-2924923B6379}.Release|x86.ActiveCfg = Release|Any CPU
		{FAD6E591-C927-4B1F-AD2B-2924923B6379}.Release|x86.Build.0 = Release|Any CPU
		{B8F30C3F-2EF6-47B5-8237-D1ED3D4411F9}.Debug|Any CPU.ActiveCfg = Debug|Any CPU
		{B8F30C3F-2EF6-47B5-8237-D1ED3D4411F9}.Debug|Any CPU.Build.0 = Debug|Any CPU
		{B8F30C3F-2EF6-47B5-8237-D1ED3D4411F9}.Debug|x64.ActiveCfg = Debug|Any CPU
		{B8F30C3F-2EF6-47B5-8237-D1ED3D4411F9}.Debug|x64.Build.0 = Debug|Any CPU
		{B8F30C3F-2EF6-47B5-8237-D1ED3D4411F9}.Debug|x86.ActiveCfg = Debug|Any CPU
		{B8F30C3F-2EF6-47B5-8237-D1ED3D4411F9}.Debug|x86.Build.0 = Debug|Any CPU
		{B8F30C3F-2EF6-47B5-8237-D1ED3D4411F9}.Release|Any CPU.ActiveCfg = Release|Any CPU
		{B8F30C3F-2EF6-47B5-8237-D1ED3D4411F9}.Release|Any CPU.Build.0 = Release|Any CPU
		{B8F30C3F-2EF6-47B5-8237-D1ED3D4411F9}.Release|x64.ActiveCfg = Release|Any CPU
		{B8F30C3F-2EF6-47B5-8237-D1ED3D4411F9}.Release|x64.Build.0 = Release|Any CPU
		{B8F30C3F-2EF6-47B5-8237-D1ED3D4411F9}.Release|x86.ActiveCfg = Release|Any CPU
		{B8F30C3F-2EF6-47B5-8237-D1ED3D4411F9}.Release|x86.Build.0 = Release|Any CPU
		{8EA04D56-895D-4146-BB4A-B218C8BB64BC}.Debug|Any CPU.ActiveCfg = Debug|Any CPU
		{8EA04D56-895D-4146-BB4A-B218C8BB64BC}.Debug|Any CPU.Build.0 = Debug|Any CPU
		{8EA04D56-895D-4146-BB4A-B218C8BB64BC}.Debug|x64.ActiveCfg = Debug|Any CPU
		{8EA04D56-895D-4146-BB4A-B218C8BB64BC}.Debug|x64.Build.0 = Debug|Any CPU
		{8EA04D56-895D-4146-BB4A-B218C8BB64BC}.Debug|x86.ActiveCfg = Debug|Any CPU
		{8EA04D56-895D-4146-BB4A-B218C8BB64BC}.Debug|x86.Build.0 = Debug|Any CPU
		{8EA04D56-895D-4146-BB4A-B218C8BB64BC}.Release|Any CPU.ActiveCfg = Release|Any CPU
		{8EA04D56-895D-4146-BB4A-B218C8BB64BC}.Release|Any CPU.Build.0 = Release|Any CPU
		{8EA04D56-895D-4146-BB4A-B218C8BB64BC}.Release|x64.ActiveCfg = Release|Any CPU
		{8EA04D56-895D-4146-BB4A-B218C8BB64BC}.Release|x64.Build.0 = Release|Any CPU
		{8EA04D56-895D-4146-BB4A-B218C8BB64BC}.Release|x86.ActiveCfg = Release|Any CPU
		{8EA04D56-895D-4146-BB4A-B218C8BB64BC}.Release|x86.Build.0 = Release|Any CPU
		{3E38D6BF-3BCD-4D14-85A1-F9EC3C52F8D9}.Debug|Any CPU.ActiveCfg = Debug|Any CPU
		{3E38D6BF-3BCD-4D14-85A1-F9EC3C52F8D9}.Debug|Any CPU.Build.0 = Debug|Any CPU
		{3E38D6BF-3BCD-4D14-85A1-F9EC3C52F8D9}.Debug|x64.ActiveCfg = Debug|Any CPU
		{3E38D6BF-3BCD-4D14-85A1-F9EC3C52F8D9}.Debug|x64.Build.0 = Debug|Any CPU
		{3E38D6BF-3BCD-4D14-85A1-F9EC3C52F8D9}.Debug|x86.ActiveCfg = Debug|Any CPU
		{3E38D6BF-3BCD-4D14-85A1-F9EC3C52F8D9}.Debug|x86.Build.0 = Debug|Any CPU
		{3E38D6BF-3BCD-4D14-85A1-F9EC3C52F8D9}.Release|Any CPU.ActiveCfg = Release|Any CPU
		{3E38D6BF-3BCD-4D14-85A1-F9EC3C52F8D9}.Release|Any CPU.Build.0 = Release|Any CPU
		{3E38D6BF-3BCD-4D14-85A1-F9EC3C52F8D9}.Release|x64.ActiveCfg = Release|Any CPU
		{3E38D6BF-3BCD-4D14-85A1-F9EC3C52F8D9}.Release|x64.Build.0 = Release|Any CPU
		{3E38D6BF-3BCD-4D14-85A1-F9EC3C52F8D9}.Release|x86.ActiveCfg = Release|Any CPU
		{3E38D6BF-3BCD-4D14-85A1-F9EC3C52F8D9}.Release|x86.Build.0 = Release|Any CPU
		{7FA3C2C8-63CE-4954-B021-F71702B3DA68}.Debug|Any CPU.ActiveCfg = Debug|Any CPU
		{7FA3C2C8-63CE-4954-B021-F71702B3DA68}.Debug|Any CPU.Build.0 = Debug|Any CPU
		{7FA3C2C8-63CE-4954-B021-F71702B3DA68}.Debug|x64.ActiveCfg = Debug|Any CPU
		{7FA3C2C8-63CE-4954-B021-F71702B3DA68}.Debug|x64.Build.0 = Debug|Any CPU
		{7FA3C2C8-63CE-4954-B021-F71702B3DA68}.Debug|x86.ActiveCfg = Debug|Any CPU
		{7FA3C2C8-63CE-4954-B021-F71702B3DA68}.Debug|x86.Build.0 = Debug|Any CPU
		{7FA3C2C8-63CE-4954-B021-F71702B3DA68}.Release|Any CPU.ActiveCfg = Release|Any CPU
		{7FA3C2C8-63CE-4954-B021-F71702B3DA68}.Release|Any CPU.Build.0 = Release|Any CPU
		{7FA3C2C8-63CE-4954-B021-F71702B3DA68}.Release|x64.ActiveCfg = Release|Any CPU
		{7FA3C2C8-63CE-4954-B021-F71702B3DA68}.Release|x64.Build.0 = Release|Any CPU
		{7FA3C2C8-63CE-4954-B021-F71702B3DA68}.Release|x86.ActiveCfg = Release|Any CPU
		{7FA3C2C8-63CE-4954-B021-F71702B3DA68}.Release|x86.Build.0 = Release|Any CPU
		{05A89CB8-F719-4211-84D0-04F3FE370A39}.Debug|Any CPU.ActiveCfg = Debug|Any CPU
		{05A89CB8-F719-4211-84D0-04F3FE370A39}.Debug|Any CPU.Build.0 = Debug|Any CPU
		{05A89CB8-F719-4211-84D0-04F3FE370A39}.Debug|x64.ActiveCfg = Debug|Any CPU
		{05A89CB8-F719-4211-84D0-04F3FE370A39}.Debug|x64.Build.0 = Debug|Any CPU
		{05A89CB8-F719-4211-84D0-04F3FE370A39}.Debug|x86.ActiveCfg = Debug|Any CPU
		{05A89CB8-F719-4211-84D0-04F3FE370A39}.Debug|x86.Build.0 = Debug|Any CPU
		{05A89CB8-F719-4211-84D0-04F3FE370A39}.Release|Any CPU.ActiveCfg = Release|Any CPU
		{05A89CB8-F719-4211-84D0-04F3FE370A39}.Release|Any CPU.Build.0 = Release|Any CPU
		{05A89CB8-F719-4211-84D0-04F3FE370A39}.Release|x64.ActiveCfg = Release|Any CPU
		{05A89CB8-F719-4211-84D0-04F3FE370A39}.Release|x64.Build.0 = Release|Any CPU
		{05A89CB8-F719-4211-84D0-04F3FE370A39}.Release|x86.ActiveCfg = Release|Any CPU
		{05A89CB8-F719-4211-84D0-04F3FE370A39}.Release|x86.Build.0 = Release|Any CPU
		{42A6FFB1-E947-438D-B1D9-42E79035569E}.Debug|Any CPU.ActiveCfg = Debug|Any CPU
		{42A6FFB1-E947-438D-B1D9-42E79035569E}.Debug|Any CPU.Build.0 = Debug|Any CPU
		{42A6FFB1-E947-438D-B1D9-42E79035569E}.Debug|x64.ActiveCfg = Debug|Any CPU
		{42A6FFB1-E947-438D-B1D9-42E79035569E}.Debug|x64.Build.0 = Debug|Any CPU
		{42A6FFB1-E947-438D-B1D9-42E79035569E}.Debug|x86.ActiveCfg = Debug|Any CPU
		{42A6FFB1-E947-438D-B1D9-42E79035569E}.Debug|x86.Build.0 = Debug|Any CPU
		{42A6FFB1-E947-438D-B1D9-42E79035569E}.Release|Any CPU.ActiveCfg = Release|Any CPU
		{42A6FFB1-E947-438D-B1D9-42E79035569E}.Release|Any CPU.Build.0 = Release|Any CPU
		{42A6FFB1-E947-438D-B1D9-42E79035569E}.Release|x64.ActiveCfg = Release|Any CPU
		{42A6FFB1-E947-438D-B1D9-42E79035569E}.Release|x64.Build.0 = Release|Any CPU
		{42A6FFB1-E947-438D-B1D9-42E79035569E}.Release|x86.ActiveCfg = Release|Any CPU
		{42A6FFB1-E947-438D-B1D9-42E79035569E}.Release|x86.Build.0 = Release|Any CPU
		{0620E642-398F-4A7B-9BA6-2C45BE1BD298}.Debug|Any CPU.ActiveCfg = Debug|Any CPU
		{0620E642-398F-4A7B-9BA6-2C45BE1BD298}.Debug|Any CPU.Build.0 = Debug|Any CPU
		{0620E642-398F-4A7B-9BA6-2C45BE1BD298}.Debug|x64.ActiveCfg = Debug|Any CPU
		{0620E642-398F-4A7B-9BA6-2C45BE1BD298}.Debug|x64.Build.0 = Debug|Any CPU
		{0620E642-398F-4A7B-9BA6-2C45BE1BD298}.Debug|x86.ActiveCfg = Debug|Any CPU
		{0620E642-398F-4A7B-9BA6-2C45BE1BD298}.Debug|x86.Build.0 = Debug|Any CPU
		{0620E642-398F-4A7B-9BA6-2C45BE1BD298}.Release|Any CPU.ActiveCfg = Release|Any CPU
		{0620E642-398F-4A7B-9BA6-2C45BE1BD298}.Release|Any CPU.Build.0 = Release|Any CPU
		{0620E642-398F-4A7B-9BA6-2C45BE1BD298}.Release|x64.ActiveCfg = Release|Any CPU
		{0620E642-398F-4A7B-9BA6-2C45BE1BD298}.Release|x64.Build.0 = Release|Any CPU
		{0620E642-398F-4A7B-9BA6-2C45BE1BD298}.Release|x86.ActiveCfg = Release|Any CPU
		{0620E642-398F-4A7B-9BA6-2C45BE1BD298}.Release|x86.Build.0 = Release|Any CPU
		{2D8D1BFD-3FBB-4EA8-A359-FA8675400628}.Debug|Any CPU.ActiveCfg = Debug|Any CPU
		{2D8D1BFD-3FBB-4EA8-A359-FA8675400628}.Debug|Any CPU.Build.0 = Debug|Any CPU
		{2D8D1BFD-3FBB-4EA8-A359-FA8675400628}.Debug|x64.ActiveCfg = Debug|Any CPU
		{2D8D1BFD-3FBB-4EA8-A359-FA8675400628}.Debug|x64.Build.0 = Debug|Any CPU
		{2D8D1BFD-3FBB-4EA8-A359-FA8675400628}.Debug|x86.ActiveCfg = Debug|Any CPU
		{2D8D1BFD-3FBB-4EA8-A359-FA8675400628}.Debug|x86.Build.0 = Debug|Any CPU
		{2D8D1BFD-3FBB-4EA8-A359-FA8675400628}.Release|Any CPU.ActiveCfg = Release|Any CPU
		{2D8D1BFD-3FBB-4EA8-A359-FA8675400628}.Release|Any CPU.Build.0 = Release|Any CPU
		{2D8D1BFD-3FBB-4EA8-A359-FA8675400628}.Release|x64.ActiveCfg = Release|Any CPU
		{2D8D1BFD-3FBB-4EA8-A359-FA8675400628}.Release|x64.Build.0 = Release|Any CPU
		{2D8D1BFD-3FBB-4EA8-A359-FA8675400628}.Release|x86.ActiveCfg = Release|Any CPU
		{2D8D1BFD-3FBB-4EA8-A359-FA8675400628}.Release|x86.Build.0 = Release|Any CPU
	EndGlobalSection
	GlobalSection(NestedProjects) = preSolution
		{DCAA6C59-E7AE-4F33-888D-DF50ABEB928C} = {63C0D632-D5AD-4D65-99CC-44E049A19EA1}
		{6C4A473F-B9C5-4EAE-8D3E-8ABF1B6849A3} = {63C0D632-D5AD-4D65-99CC-44E049A19EA1}
		{5BCEA708-0626-4941-BA46-27B27CB3058F} = {6C4A473F-B9C5-4EAE-8D3E-8ABF1B6849A3}
		{3784454A-57F1-445E-A209-C5ADFB7EEC0B} = {6C4A473F-B9C5-4EAE-8D3E-8ABF1B6849A3}
		{EEE9834E-0DFF-45B5-A77F-082AAC7C9F78} = {6C4A473F-B9C5-4EAE-8D3E-8ABF1B6849A3}
		{04DA5B19-246D-4D97-8E2C-F0FF99049C03} = {6C4A473F-B9C5-4EAE-8D3E-8ABF1B6849A3}
		{9879CB50-FD66-4977-952B-34C9EBE04542} = {6C4A473F-B9C5-4EAE-8D3E-8ABF1B6849A3}
		{2A0A4106-252C-4C70-8C2C-B4B20BCBAC14} = {63C0D632-D5AD-4D65-99CC-44E049A19EA1}
		{06C1B0F3-F25D-4CCA-9575-47A28DBEB166} = {2A0A4106-252C-4C70-8C2C-B4B20BCBAC14}
		{ABEF52F5-0F3A-4E95-BE07-D5CCF0F86920} = {2A0A4106-252C-4C70-8C2C-B4B20BCBAC14}
		{E208A7E6-5D08-46CB-88B1-B0382D1B9CE3} = {2A0A4106-252C-4C70-8C2C-B4B20BCBAC14}
		{22707898-B67F-458B-BF1F-610B531A5D76} = {2A0A4106-252C-4C70-8C2C-B4B20BCBAC14}
		{CDF0D802-3697-4C4C-AB39-8F40FF4B4D53} = {2A0A4106-252C-4C70-8C2C-B4B20BCBAC14}
		{AB687221-632E-4588-85A5-5EED160A9789} = {63C0D632-D5AD-4D65-99CC-44E049A19EA1}
		{06BD1DC7-053F-4250-A125-225D4E1F8047} = {AB687221-632E-4588-85A5-5EED160A9789}
		{3E35D16D-62FD-4E3B-BEC2-1988FD5249A1} = {AB687221-632E-4588-85A5-5EED160A9789}
		{B2B60A1B-3261-4770-982E-DB263DD70E21} = {AB687221-632E-4588-85A5-5EED160A9789}
		{5EA4828B-E797-4EA6-A542-0C0852AC7B4E} = {AB687221-632E-4588-85A5-5EED160A9789}
		{6C2E2421-7405-46D1-9204-6527FFE8D603} = {AB687221-632E-4588-85A5-5EED160A9789}
		{CE493A66-F2C2-4D9A-919A-ADB8C1C07439} = {63C0D632-D5AD-4D65-99CC-44E049A19EA1}
		{2EF4E332-509E-458A-A763-36529601B283} = {CE493A66-F2C2-4D9A-919A-ADB8C1C07439}
		{FAD6E591-C927-4B1F-AD2B-2924923B6379} = {CE493A66-F2C2-4D9A-919A-ADB8C1C07439}
		{B8F30C3F-2EF6-47B5-8237-D1ED3D4411F9} = {CE493A66-F2C2-4D9A-919A-ADB8C1C07439}
		{8EA04D56-895D-4146-BB4A-B218C8BB64BC} = {CE493A66-F2C2-4D9A-919A-ADB8C1C07439}
		{3E38D6BF-3BCD-4D14-85A1-F9EC3C52F8D9} = {CE493A66-F2C2-4D9A-919A-ADB8C1C07439}
		{665069DF-8FC1-4F61-9D6F-717B81507918} = {63C0D632-D5AD-4D65-99CC-44E049A19EA1}
		{7FA3C2C8-63CE-4954-B021-F71702B3DA68} = {665069DF-8FC1-4F61-9D6F-717B81507918}
		{05A89CB8-F719-4211-84D0-04F3FE370A39} = {665069DF-8FC1-4F61-9D6F-717B81507918}
		{42A6FFB1-E947-438D-B1D9-42E79035569E} = {665069DF-8FC1-4F61-9D6F-717B81507918}
		{0620E642-398F-4A7B-9BA6-2C45BE1BD298} = {665069DF-8FC1-4F61-9D6F-717B81507918}
		{2D8D1BFD-3FBB-4EA8-A359-FA8675400628} = {665069DF-8FC1-4F61-9D6F-717B81507918}
	EndGlobalSection
EndGlobal
